{
  "version": 4,
  "terraform_version": "1.2.2",
  "serial": 51,
  "lineage": "53c57118-3346-d61f-97db-7d2b5b0f2621",
  "outputs": {
    "output-bucket-name": {
      "value": "bigquery-pilot-2cx9vrpcnr",
      "type": "string"
    },
    "output-project-id": {
      "value": "bigquery-pilot-2cx9vrpcnr",
      "type": "string"
    },
    "output-project-number": {
      "value": "692802534222",
      "type": "string"
    },
    "output-region": {
      "value": "us-west2",
      "type": "string"
    }
  },
  "resources": [
    {
      "mode": "managed",
      "type": "random_string",
      "name": "project_random",
      "provider": "provider[\"registry.terraform.io/hashicorp/random\"]",
      "instances": [
        {
          "schema_version": 2,
          "attributes": {
            "id": "2cx9vrpcnr",
            "keepers": null,
            "length": 10,
            "lower": true,
            "min_lower": 0,
            "min_numeric": 0,
            "min_special": 0,
            "min_upper": 0,
            "number": true,
            "numeric": true,
            "override_special": null,
            "result": "2cx9vrpcnr",
            "special": false,
            "upper": false
          },
          "sensitive_attributes": [],
          "private": "eyJzY2hlbWFfdmVyc2lvbiI6IjIifQ=="
        }
      ]
    },
    {
      "module": "module.apis",
      "mode": "managed",
      "type": "google_project_service",
      "name": "enable_api_bigqueryconnection",
      "provider": "provider[\"registry.terraform.io/hashicorp/google-beta\"].service_principal_impersonation",
      "instances": [
        {
          "schema_version": 0,
          "attributes": {
            "disable_dependent_services": true,
            "disable_on_destroy": true,
            "id": "bigquery-pilot-2cx9vrpcnr/bigqueryconnection.googleapis.com",
            "project": "bigquery-pilot-2cx9vrpcnr",
            "service": "bigqueryconnection.googleapis.com",
            "timeouts": {
              "create": "15m",
              "delete": null,
              "read": null,
              "update": null
            }
          },
          "sensitive_attributes": [],
          "private": "eyJlMmJmYjczMC1lY2FhLTExZTYtOGY4OC0zNDM2M2JjN2M0YzAiOnsiY3JlYXRlIjo5MDAwMDAwMDAwMDAsImRlbGV0ZSI6MTIwMDAwMDAwMDAwMCwicmVhZCI6NjAwMDAwMDAwMDAwLCJ1cGRhdGUiOjEyMDAwMDAwMDAwMDB9fQ==",
          "dependencies": [
            "module.apis.google_project_service.enable_api_bigquerystorage",
            "module.apis.google_project_service.enable_api_cloudresourcemanager",
            "module.apis.google_project_service.enable_api_servicemanagement",
            "module.apis.time_sleep.enable_api_bigquerystorage_time_delay",
            "module.apis.time_sleep.enable_api_cloudresourcemanager_time_delay",
            "module.apis.time_sleep.enable_api_servicemanagement_time_delay",
            "module.project.google_project.project",
            "module.service-account.google_organization_iam_member.organization",
            "module.service-account.google_project_iam_member.gcp_account_owner",
            "module.service-account.google_project_iam_member.impersonation_account_owner",
            "module.service-account.google_project_iam_member.service_account_owner",
            "module.service-account.google_service_account.service_account",
            "module.service-account.google_service_account_iam_binding.service_account_impersonation",
            "module.service-account.time_sleep.service_account_impersonation_time_delay",
            "module.service-usage.google_project_service.gcp_services_serviceusage",
            "module.service-usage.time_sleep.enable_api_serviceusage_time_delay",
            "random_string.project_random"
          ]
        }
      ]
    },
    {
      "module": "module.apis",
      "mode": "managed",
      "type": "google_project_service",
      "name": "enable_api_bigquerydatatransfer",
      "provider": "provider[\"registry.terraform.io/hashicorp/google-beta\"].service_principal_impersonation",
      "instances": [
        {
          "schema_version": 0,
          "attributes": {
            "disable_dependent_services": true,
            "disable_on_destroy": true,
            "id": "bigquery-pilot-2cx9vrpcnr/bigquerydatatransfer.googleapis.com",
            "project": "bigquery-pilot-2cx9vrpcnr",
            "service": "bigquerydatatransfer.googleapis.com",
            "timeouts": {
              "create": "15m",
              "delete": null,
              "read": null,
              "update": null
            }
          },
          "sensitive_attributes": [],
          "private": "eyJlMmJmYjczMC1lY2FhLTExZTYtOGY4OC0zNDM2M2JjN2M0YzAiOnsiY3JlYXRlIjo5MDAwMDAwMDAwMDAsImRlbGV0ZSI6MTIwMDAwMDAwMDAwMCwicmVhZCI6NjAwMDAwMDAwMDAwLCJ1cGRhdGUiOjEyMDAwMDAwMDAwMDB9fQ==",
          "dependencies": [
            "module.apis.google_project_service.enable_api_bigquerystorage",
            "module.apis.google_project_service.enable_api_cloudresourcemanager",
            "module.apis.google_project_service.enable_api_servicemanagement",
            "module.apis.time_sleep.enable_api_bigquerystorage_time_delay",
            "module.apis.time_sleep.enable_api_cloudresourcemanager_time_delay",
            "module.apis.time_sleep.enable_api_servicemanagement_time_delay",
            "module.project.google_project.project",
            "module.service-account.google_organization_iam_member.organization",
            "module.service-account.google_project_iam_member.gcp_account_owner",
            "module.service-account.google_project_iam_member.impersonation_account_owner",
            "module.service-account.google_project_iam_member.service_account_owner",
            "module.service-account.google_service_account.service_account",
            "module.service-account.google_service_account_iam_binding.service_account_impersonation",
            "module.service-account.time_sleep.service_account_impersonation_time_delay",
            "module.service-usage.google_project_service.gcp_services_serviceusage",
            "module.service-usage.time_sleep.enable_api_serviceusage_time_delay",
            "random_string.project_random"
          ]
        }
      ]
    },
    {
      "module": "module.apis",
      "mode": "managed",
      "type": "google_project_service",
      "name": "enable_api_bigqueryreservations",
      "provider": "provider[\"registry.terraform.io/hashicorp/google-beta\"].service_principal_impersonation",
      "instances": [
        {
          "schema_version": 0,
          "attributes": {
            "disable_dependent_services": true,
            "disable_on_destroy": true,
            "id": "bigquery-pilot-2cx9vrpcnr/bigqueryreservation.googleapis.com",
            "project": "bigquery-pilot-2cx9vrpcnr",
            "service": "bigqueryreservation.googleapis.com",
            "timeouts": {
              "create": "15m",
              "delete": null,
              "read": null,
              "update": null
            }
          },
          "sensitive_attributes": [],
          "private": "eyJlMmJmYjczMC1lY2FhLTExZTYtOGY4OC0zNDM2M2JjN2M0YzAiOnsiY3JlYXRlIjo5MDAwMDAwMDAwMDAsImRlbGV0ZSI6MTIwMDAwMDAwMDAwMCwicmVhZCI6NjAwMDAwMDAwMDAwLCJ1cGRhdGUiOjEyMDAwMDAwMDAwMDB9fQ==",
          "dependencies": [
            "module.apis.google_project_service.enable_api_bigquerystorage",
            "module.apis.google_project_service.enable_api_cloudresourcemanager",
            "module.apis.google_project_service.enable_api_servicemanagement",
            "module.apis.time_sleep.enable_api_bigquerystorage_time_delay",
            "module.apis.time_sleep.enable_api_cloudresourcemanager_time_delay",
            "module.apis.time_sleep.enable_api_servicemanagement_time_delay",
            "module.project.google_project.project",
            "module.service-account.google_organization_iam_member.organization",
            "module.service-account.google_project_iam_member.gcp_account_owner",
            "module.service-account.google_project_iam_member.impersonation_account_owner",
            "module.service-account.google_project_iam_member.service_account_owner",
            "module.service-account.google_service_account.service_account",
            "module.service-account.google_service_account_iam_binding.service_account_impersonation",
            "module.service-account.time_sleep.service_account_impersonation_time_delay",
            "module.service-usage.google_project_service.gcp_services_serviceusage",
            "module.service-usage.time_sleep.enable_api_serviceusage_time_delay",
            "random_string.project_random"
          ]
        }
      ]
    },
    {
      "module": "module.apis",
      "mode": "managed",
      "type": "google_project_service",
      "name": "enable_api_bigquerystorage",
      "provider": "provider[\"registry.terraform.io/hashicorp/google-beta\"].service_principal_impersonation",
      "instances": [
        {
          "schema_version": 0,
          "attributes": {
            "disable_dependent_services": true,
            "disable_on_destroy": true,
            "id": "bigquery-pilot-2cx9vrpcnr/bigquerystorage.googleapis.com",
            "project": "bigquery-pilot-2cx9vrpcnr",
            "service": "bigquerystorage.googleapis.com",
            "timeouts": {
              "create": "15m",
              "delete": null,
              "read": null,
              "update": null
            }
          },
          "sensitive_attributes": [],
          "private": "eyJlMmJmYjczMC1lY2FhLTExZTYtOGY4OC0zNDM2M2JjN2M0YzAiOnsiY3JlYXRlIjo5MDAwMDAwMDAwMDAsImRlbGV0ZSI6MTIwMDAwMDAwMDAwMCwicmVhZCI6NjAwMDAwMDAwMDAwLCJ1cGRhdGUiOjEyMDAwMDAwMDAwMDB9fQ==",
          "dependencies": [
            "module.apis.google_project_service.enable_api_cloudresourcemanager",
            "module.apis.google_project_service.enable_api_servicemanagement",
            "module.apis.time_sleep.enable_api_cloudresourcemanager_time_delay",
            "module.apis.time_sleep.enable_api_servicemanagement_time_delay",
            "module.project.google_project.project",
            "module.service-account.google_organization_iam_member.organization",
            "module.service-account.google_project_iam_member.gcp_account_owner",
            "module.service-account.google_project_iam_member.impersonation_account_owner",
            "module.service-account.google_project_iam_member.service_account_owner",
            "module.service-account.google_service_account.service_account",
            "module.service-account.google_service_account_iam_binding.service_account_impersonation",
            "module.service-account.time_sleep.service_account_impersonation_time_delay",
            "module.service-usage.google_project_service.gcp_services_serviceusage",
            "module.service-usage.time_sleep.enable_api_serviceusage_time_delay",
            "random_string.project_random"
          ]
        }
      ]
    },
    {
      "module": "module.apis",
      "mode": "managed",
      "type": "google_project_service",
      "name": "enable_api_cloudresourcemanager",
      "provider": "provider[\"registry.terraform.io/hashicorp/google-beta\"].service_principal_impersonation",
      "instances": [
        {
          "schema_version": 0,
          "attributes": {
            "disable_dependent_services": true,
            "disable_on_destroy": true,
            "id": "bigquery-pilot-2cx9vrpcnr/cloudresourcemanager.googleapis.com",
            "project": "bigquery-pilot-2cx9vrpcnr",
            "service": "cloudresourcemanager.googleapis.com",
            "timeouts": {
              "create": "15m",
              "delete": null,
              "read": null,
              "update": null
            }
          },
          "sensitive_attributes": [],
          "private": "eyJlMmJmYjczMC1lY2FhLTExZTYtOGY4OC0zNDM2M2JjN2M0YzAiOnsiY3JlYXRlIjo5MDAwMDAwMDAwMDAsImRlbGV0ZSI6MTIwMDAwMDAwMDAwMCwicmVhZCI6NjAwMDAwMDAwMDAwLCJ1cGRhdGUiOjEyMDAwMDAwMDAwMDB9fQ==",
          "dependencies": [
            "module.project.google_project.project",
            "module.service-account.google_organization_iam_member.organization",
            "module.service-account.google_project_iam_member.gcp_account_owner",
            "module.service-account.google_project_iam_member.impersonation_account_owner",
            "module.service-account.google_project_iam_member.service_account_owner",
            "module.service-account.google_service_account.service_account",
            "module.service-account.google_service_account_iam_binding.service_account_impersonation",
            "module.service-account.time_sleep.service_account_impersonation_time_delay",
            "module.service-usage.google_project_service.gcp_services_serviceusage",
            "module.service-usage.time_sleep.enable_api_serviceusage_time_delay",
            "random_string.project_random"
          ]
        }
      ]
    },
    {
      "module": "module.apis",
      "mode": "managed",
      "type": "google_project_service",
      "name": "enable_api_compute",
      "provider": "provider[\"registry.terraform.io/hashicorp/google-beta\"].service_principal_impersonation",
      "instances": [
        {
          "schema_version": 0,
          "attributes": {
            "disable_dependent_services": true,
            "disable_on_destroy": true,
            "id": "bigquery-pilot-2cx9vrpcnr/compute.googleapis.com",
            "project": "bigquery-pilot-2cx9vrpcnr",
            "service": "compute.googleapis.com",
            "timeouts": {
              "create": "15m",
              "delete": null,
              "read": null,
              "update": null
            }
          },
          "sensitive_attributes": [],
          "private": "eyJlMmJmYjczMC1lY2FhLTExZTYtOGY4OC0zNDM2M2JjN2M0YzAiOnsiY3JlYXRlIjo5MDAwMDAwMDAwMDAsImRlbGV0ZSI6MTIwMDAwMDAwMDAwMCwicmVhZCI6NjAwMDAwMDAwMDAwLCJ1cGRhdGUiOjEyMDAwMDAwMDAwMDB9fQ==",
          "dependencies": [
            "module.apis.google_project_service.enable_api_cloudresourcemanager",
            "module.apis.google_project_service.enable_api_servicemanagement",
            "module.apis.time_sleep.enable_api_cloudresourcemanager_time_delay",
            "module.apis.time_sleep.enable_api_servicemanagement_time_delay",
            "module.project.google_project.project",
            "module.service-account.google_organization_iam_member.organization",
            "module.service-account.google_project_iam_member.gcp_account_owner",
            "module.service-account.google_project_iam_member.impersonation_account_owner",
            "module.service-account.google_project_iam_member.service_account_owner",
            "module.service-account.google_service_account.service_account",
            "module.service-account.google_service_account_iam_binding.service_account_impersonation",
            "module.service-account.time_sleep.service_account_impersonation_time_delay",
            "module.service-usage.google_project_service.gcp_services_serviceusage",
            "module.service-usage.time_sleep.enable_api_serviceusage_time_delay",
            "random_string.project_random"
          ]
        }
      ]
    },
    {
      "module": "module.apis",
      "mode": "managed",
      "type": "google_project_service",
      "name": "enable_api_datacatalog",
      "provider": "provider[\"registry.terraform.io/hashicorp/google-beta\"].service_principal_impersonation",
      "instances": [
        {
          "schema_version": 0,
          "attributes": {
            "disable_dependent_services": true,
            "disable_on_destroy": true,
            "id": "bigquery-pilot-2cx9vrpcnr/datacatalog.googleapis.com",
            "project": "bigquery-pilot-2cx9vrpcnr",
            "service": "datacatalog.googleapis.com",
            "timeouts": {
              "create": "15m",
              "delete": null,
              "read": null,
              "update": null
            }
          },
          "sensitive_attributes": [],
          "private": "eyJlMmJmYjczMC1lY2FhLTExZTYtOGY4OC0zNDM2M2JjN2M0YzAiOnsiY3JlYXRlIjo5MDAwMDAwMDAwMDAsImRlbGV0ZSI6MTIwMDAwMDAwMDAwMCwicmVhZCI6NjAwMDAwMDAwMDAwLCJ1cGRhdGUiOjEyMDAwMDAwMDAwMDB9fQ==",
          "dependencies": [
            "module.apis.google_project_service.enable_api_cloudresourcemanager",
            "module.apis.google_project_service.enable_api_servicemanagement",
            "module.apis.time_sleep.enable_api_cloudresourcemanager_time_delay",
            "module.apis.time_sleep.enable_api_servicemanagement_time_delay",
            "module.project.google_project.project",
            "module.service-account.google_organization_iam_member.organization",
            "module.service-account.google_project_iam_member.gcp_account_owner",
            "module.service-account.google_project_iam_member.impersonation_account_owner",
            "module.service-account.google_project_iam_member.service_account_owner",
            "module.service-account.google_service_account.service_account",
            "module.service-account.google_service_account_iam_binding.service_account_impersonation",
            "module.service-account.time_sleep.service_account_impersonation_time_delay",
            "module.service-usage.google_project_service.gcp_services_serviceusage",
            "module.service-usage.time_sleep.enable_api_serviceusage_time_delay",
            "random_string.project_random"
          ]
        }
      ]
    },
    {
      "module": "module.apis",
      "mode": "managed",
      "type": "google_project_service",
      "name": "enable_api_orgpolicy",
      "provider": "provider[\"registry.terraform.io/hashicorp/google-beta\"].service_principal_impersonation",
      "instances": [
        {
          "schema_version": 0,
          "attributes": {
            "disable_dependent_services": true,
            "disable_on_destroy": true,
            "id": "bigquery-pilot-2cx9vrpcnr/orgpolicy.googleapis.com",
            "project": "bigquery-pilot-2cx9vrpcnr",
            "service": "orgpolicy.googleapis.com",
            "timeouts": {
              "create": "15m",
              "delete": null,
              "read": null,
              "update": null
            }
          },
          "sensitive_attributes": [],
          "private": "eyJlMmJmYjczMC1lY2FhLTExZTYtOGY4OC0zNDM2M2JjN2M0YzAiOnsiY3JlYXRlIjo5MDAwMDAwMDAwMDAsImRlbGV0ZSI6MTIwMDAwMDAwMDAwMCwicmVhZCI6NjAwMDAwMDAwMDAwLCJ1cGRhdGUiOjEyMDAwMDAwMDAwMDB9fQ==",
          "dependencies": [
            "module.apis.google_project_service.enable_api_cloudresourcemanager",
            "module.apis.google_project_service.enable_api_servicemanagement",
            "module.apis.time_sleep.enable_api_cloudresourcemanager_time_delay",
            "module.apis.time_sleep.enable_api_servicemanagement_time_delay",
            "module.project.google_project.project",
            "module.service-account.google_organization_iam_member.organization",
            "module.service-account.google_project_iam_member.gcp_account_owner",
            "module.service-account.google_project_iam_member.impersonation_account_owner",
            "module.service-account.google_project_iam_member.service_account_owner",
            "module.service-account.google_service_account.service_account",
            "module.service-account.google_service_account_iam_binding.service_account_impersonation",
            "module.service-account.time_sleep.service_account_impersonation_time_delay",
            "module.service-usage.google_project_service.gcp_services_serviceusage",
            "module.service-usage.time_sleep.enable_api_serviceusage_time_delay",
            "random_string.project_random"
          ]
        }
      ]
    },
    {
      "module": "module.apis",
      "mode": "managed",
      "type": "google_project_service",
      "name": "enable_api_servicemanagement",
      "provider": "provider[\"registry.terraform.io/hashicorp/google-beta\"].service_principal_impersonation",
      "instances": [
        {
          "schema_version": 0,
          "attributes": {
            "disable_dependent_services": true,
            "disable_on_destroy": true,
            "id": "bigquery-pilot-2cx9vrpcnr/servicemanagement.googleapis.com",
            "project": "bigquery-pilot-2cx9vrpcnr",
            "service": "servicemanagement.googleapis.com",
            "timeouts": {
              "create": "15m",
              "delete": null,
              "read": null,
              "update": null
            }
          },
          "sensitive_attributes": [],
          "private": "eyJlMmJmYjczMC1lY2FhLTExZTYtOGY4OC0zNDM2M2JjN2M0YzAiOnsiY3JlYXRlIjo5MDAwMDAwMDAwMDAsImRlbGV0ZSI6MTIwMDAwMDAwMDAwMCwicmVhZCI6NjAwMDAwMDAwMDAwLCJ1cGRhdGUiOjEyMDAwMDAwMDAwMDB9fQ==",
          "dependencies": [
            "module.apis.google_project_service.enable_api_cloudresourcemanager",
            "module.apis.time_sleep.enable_api_cloudresourcemanager_time_delay",
            "module.project.google_project.project",
            "module.service-account.google_organization_iam_member.organization",
            "module.service-account.google_project_iam_member.gcp_account_owner",
            "module.service-account.google_project_iam_member.impersonation_account_owner",
            "module.service-account.google_project_iam_member.service_account_owner",
            "module.service-account.google_service_account.service_account",
            "module.service-account.google_service_account_iam_binding.service_account_impersonation",
            "module.service-account.time_sleep.service_account_impersonation_time_delay",
            "module.service-usage.google_project_service.gcp_services_serviceusage",
            "module.service-usage.time_sleep.enable_api_serviceusage_time_delay",
            "random_string.project_random"
          ]
        }
      ]
    },
    {
      "module": "module.apis",
      "mode": "managed",
      "type": "google_project_service",
      "name": "enable_project_iam",
      "provider": "provider[\"registry.terraform.io/hashicorp/google-beta\"].service_principal_impersonation",
      "instances": [
        {
          "schema_version": 0,
          "attributes": {
            "disable_dependent_services": true,
            "disable_on_destroy": true,
            "id": "bigquery-pilot-2cx9vrpcnr/iam.googleapis.com",
            "project": "bigquery-pilot-2cx9vrpcnr",
            "service": "iam.googleapis.com",
            "timeouts": {
              "create": "30m",
              "delete": null,
              "read": null,
              "update": "40m"
            }
          },
          "sensitive_attributes": [],
          "private": "eyJlMmJmYjczMC1lY2FhLTExZTYtOGY4OC0zNDM2M2JjN2M0YzAiOnsiY3JlYXRlIjoxODAwMDAwMDAwMDAwLCJkZWxldGUiOjEyMDAwMDAwMDAwMDAsInJlYWQiOjYwMDAwMDAwMDAwMCwidXBkYXRlIjoyNDAwMDAwMDAwMDAwfX0=",
          "dependencies": [
            "module.project.google_project.project",
            "module.service-account.google_organization_iam_member.organization",
            "module.service-account.google_project_iam_member.gcp_account_owner",
            "module.service-account.google_project_iam_member.impersonation_account_owner",
            "module.service-account.google_project_iam_member.service_account_owner",
            "module.service-account.google_service_account.service_account",
            "module.service-account.google_service_account_iam_binding.service_account_impersonation",
            "module.service-account.time_sleep.service_account_impersonation_time_delay",
            "module.service-usage.google_project_service.gcp_services_serviceusage",
            "module.service-usage.time_sleep.enable_api_serviceusage_time_delay",
            "random_string.project_random"
          ]
        }
      ]
    },
    {
      "module": "module.apis",
      "mode": "managed",
      "type": "time_sleep",
      "name": "enable_api_bigqueryconnection_time_delay",
      "provider": "provider[\"registry.terraform.io/hashicorp/time\"]",
      "instances": [
        {
          "schema_version": 0,
          "attributes": {
            "create_duration": "30s",
            "destroy_duration": null,
            "id": "2022-06-24T13:10:20Z",
            "triggers": null
          },
          "sensitive_attributes": [],
          "private": "bnVsbA==",
          "dependencies": [
            "module.apis.google_project_service.enable_api_bigqueryconnection",
            "module.apis.google_project_service.enable_api_bigquerystorage",
            "module.apis.google_project_service.enable_api_cloudresourcemanager",
            "module.apis.google_project_service.enable_api_servicemanagement",
            "module.apis.time_sleep.enable_api_bigquerystorage_time_delay",
            "module.apis.time_sleep.enable_api_cloudresourcemanager_time_delay",
            "module.apis.time_sleep.enable_api_servicemanagement_time_delay",
            "module.project.google_project.project",
            "module.service-account.google_organization_iam_member.organization",
            "module.service-account.google_project_iam_member.gcp_account_owner",
            "module.service-account.google_project_iam_member.impersonation_account_owner",
            "module.service-account.google_project_iam_member.service_account_owner",
            "module.service-account.google_service_account.service_account",
            "module.service-account.google_service_account_iam_binding.service_account_impersonation",
            "module.service-account.time_sleep.service_account_impersonation_time_delay",
            "module.service-usage.google_project_service.gcp_services_serviceusage",
            "module.service-usage.time_sleep.enable_api_serviceusage_time_delay",
            "random_string.project_random"
          ]
        }
      ]
    },
    {
      "module": "module.apis",
      "mode": "managed",
      "type": "time_sleep",
      "name": "enable_api_bigquerydatatransfer_time_delay",
      "provider": "provider[\"registry.terraform.io/hashicorp/time\"]",
      "instances": [
        {
          "schema_version": 0,
          "attributes": {
            "create_duration": "30s",
            "destroy_duration": null,
            "id": "2022-06-24T13:10:20Z",
            "triggers": null
          },
          "sensitive_attributes": [],
          "private": "bnVsbA==",
          "dependencies": [
            "module.apis.google_project_service.enable_api_bigquerydatatransfer",
            "module.apis.google_project_service.enable_api_bigquerystorage",
            "module.apis.google_project_service.enable_api_cloudresourcemanager",
            "module.apis.google_project_service.enable_api_servicemanagement",
            "module.apis.time_sleep.enable_api_bigquerystorage_time_delay",
            "module.apis.time_sleep.enable_api_cloudresourcemanager_time_delay",
            "module.apis.time_sleep.enable_api_servicemanagement_time_delay",
            "module.project.google_project.project",
            "module.service-account.google_organization_iam_member.organization",
            "module.service-account.google_project_iam_member.gcp_account_owner",
            "module.service-account.google_project_iam_member.impersonation_account_owner",
            "module.service-account.google_project_iam_member.service_account_owner",
            "module.service-account.google_service_account.service_account",
            "module.service-account.google_service_account_iam_binding.service_account_impersonation",
            "module.service-account.time_sleep.service_account_impersonation_time_delay",
            "module.service-usage.google_project_service.gcp_services_serviceusage",
            "module.service-usage.time_sleep.enable_api_serviceusage_time_delay",
            "random_string.project_random"
          ]
        }
      ]
    },
    {
      "module": "module.apis",
      "mode": "managed",
      "type": "time_sleep",
      "name": "enable_api_bigqueryreservations_time_delay",
      "provider": "provider[\"registry.terraform.io/hashicorp/time\"]",
      "instances": [
        {
          "schema_version": 0,
          "attributes": {
            "create_duration": "30s",
            "destroy_duration": null,
            "id": "2022-06-24T13:10:20Z",
            "triggers": null
          },
          "sensitive_attributes": [],
          "private": "bnVsbA==",
          "dependencies": [
            "module.apis.google_project_service.enable_api_bigqueryreservations",
            "module.apis.google_project_service.enable_api_bigquerystorage",
            "module.apis.google_project_service.enable_api_cloudresourcemanager",
            "module.apis.google_project_service.enable_api_servicemanagement",
            "module.apis.time_sleep.enable_api_bigquerystorage_time_delay",
            "module.apis.time_sleep.enable_api_cloudresourcemanager_time_delay",
            "module.apis.time_sleep.enable_api_servicemanagement_time_delay",
            "module.project.google_project.project",
            "module.service-account.google_organization_iam_member.organization",
            "module.service-account.google_project_iam_member.gcp_account_owner",
            "module.service-account.google_project_iam_member.impersonation_account_owner",
            "module.service-account.google_project_iam_member.service_account_owner",
            "module.service-account.google_service_account.service_account",
            "module.service-account.google_service_account_iam_binding.service_account_impersonation",
            "module.service-account.time_sleep.service_account_impersonation_time_delay",
            "module.service-usage.google_project_service.gcp_services_serviceusage",
            "module.service-usage.time_sleep.enable_api_serviceusage_time_delay",
            "random_string.project_random"
          ]
        }
      ]
    },
    {
      "module": "module.apis",
      "mode": "managed",
      "type": "time_sleep",
      "name": "enable_api_bigquerystorage_time_delay",
      "provider": "provider[\"registry.terraform.io/hashicorp/time\"]",
      "instances": [
        {
          "schema_version": 0,
          "attributes": {
            "create_duration": "30s",
            "destroy_duration": null,
            "id": "2022-06-24T13:09:28Z",
            "triggers": null
          },
          "sensitive_attributes": [],
          "private": "bnVsbA==",
          "dependencies": [
            "module.apis.google_project_service.enable_api_bigquerystorage",
            "module.apis.google_project_service.enable_api_cloudresourcemanager",
            "module.apis.google_project_service.enable_api_servicemanagement",
            "module.apis.time_sleep.enable_api_cloudresourcemanager_time_delay",
            "module.apis.time_sleep.enable_api_servicemanagement_time_delay",
            "module.project.google_project.project",
            "module.service-account.google_organization_iam_member.organization",
            "module.service-account.google_project_iam_member.gcp_account_owner",
            "module.service-account.google_project_iam_member.impersonation_account_owner",
            "module.service-account.google_project_iam_member.service_account_owner",
            "module.service-account.google_service_account.service_account",
            "module.service-account.google_service_account_iam_binding.service_account_impersonation",
            "module.service-account.time_sleep.service_account_impersonation_time_delay",
            "module.service-usage.google_project_service.gcp_services_serviceusage",
            "module.service-usage.time_sleep.enable_api_serviceusage_time_delay",
            "random_string.project_random"
          ]
        }
      ]
    },
    {
      "module": "module.apis",
      "mode": "managed",
      "type": "time_sleep",
      "name": "enable_api_cloudresourcemanager_time_delay",
      "provider": "provider[\"registry.terraform.io/hashicorp/time\"]",
      "instances": [
        {
          "schema_version": 0,
          "attributes": {
            "create_duration": "30s",
            "destroy_duration": null,
            "id": "2022-06-24T13:07:33Z",
            "triggers": null
          },
          "sensitive_attributes": [],
          "private": "bnVsbA==",
          "dependencies": [
            "module.apis.google_project_service.enable_api_cloudresourcemanager",
            "module.project.google_project.project",
            "module.service-account.google_organization_iam_member.organization",
            "module.service-account.google_project_iam_member.gcp_account_owner",
            "module.service-account.google_project_iam_member.impersonation_account_owner",
            "module.service-account.google_project_iam_member.service_account_owner",
            "module.service-account.google_service_account.service_account",
            "module.service-account.google_service_account_iam_binding.service_account_impersonation",
            "module.service-account.time_sleep.service_account_impersonation_time_delay",
            "module.service-usage.google_project_service.gcp_services_serviceusage",
            "module.service-usage.time_sleep.enable_api_serviceusage_time_delay",
            "random_string.project_random"
          ]
        }
      ]
    },
    {
      "module": "module.apis",
      "mode": "managed",
      "type": "time_sleep",
      "name": "enable_api_compute_time_delay",
      "provider": "provider[\"registry.terraform.io/hashicorp/time\"]",
      "instances": [
        {
          "schema_version": 0,
          "attributes": {
            "create_duration": "30s",
            "destroy_duration": null,
            "id": "2022-06-24T13:09:28Z",
            "triggers": null
          },
          "sensitive_attributes": [],
          "private": "bnVsbA==",
          "dependencies": [
            "module.apis.google_project_service.enable_api_cloudresourcemanager",
            "module.apis.google_project_service.enable_api_compute",
            "module.apis.google_project_service.enable_api_servicemanagement",
            "module.apis.time_sleep.enable_api_cloudresourcemanager_time_delay",
            "module.apis.time_sleep.enable_api_servicemanagement_time_delay",
            "module.project.google_project.project",
            "module.service-account.google_organization_iam_member.organization",
            "module.service-account.google_project_iam_member.gcp_account_owner",
            "module.service-account.google_project_iam_member.impersonation_account_owner",
            "module.service-account.google_project_iam_member.service_account_owner",
            "module.service-account.google_service_account.service_account",
            "module.service-account.google_service_account_iam_binding.service_account_impersonation",
            "module.service-account.time_sleep.service_account_impersonation_time_delay",
            "module.service-usage.google_project_service.gcp_services_serviceusage",
            "module.service-usage.time_sleep.enable_api_serviceusage_time_delay",
            "random_string.project_random"
          ]
        }
      ]
    },
    {
      "module": "module.apis",
      "mode": "managed",
      "type": "time_sleep",
      "name": "enable_api_datacatalog_time_delay",
      "provider": "provider[\"registry.terraform.io/hashicorp/time\"]",
      "instances": [
        {
          "schema_version": 0,
          "attributes": {
            "create_duration": "30s",
            "destroy_duration": null,
            "id": "2022-06-24T13:09:28Z",
            "triggers": null
          },
          "sensitive_attributes": [],
          "private": "bnVsbA==",
          "dependencies": [
            "module.apis.google_project_service.enable_api_cloudresourcemanager",
            "module.apis.google_project_service.enable_api_datacatalog",
            "module.apis.google_project_service.enable_api_servicemanagement",
            "module.apis.time_sleep.enable_api_cloudresourcemanager_time_delay",
            "module.apis.time_sleep.enable_api_servicemanagement_time_delay",
            "module.project.google_project.project",
            "module.service-account.google_organization_iam_member.organization",
            "module.service-account.google_project_iam_member.gcp_account_owner",
            "module.service-account.google_project_iam_member.impersonation_account_owner",
            "module.service-account.google_project_iam_member.service_account_owner",
            "module.service-account.google_service_account.service_account",
            "module.service-account.google_service_account_iam_binding.service_account_impersonation",
            "module.service-account.time_sleep.service_account_impersonation_time_delay",
            "module.service-usage.google_project_service.gcp_services_serviceusage",
            "module.service-usage.time_sleep.enable_api_serviceusage_time_delay",
            "random_string.project_random"
          ]
        }
      ]
    },
    {
      "module": "module.apis",
      "mode": "managed",
      "type": "time_sleep",
      "name": "enable_api_iam_time_delay",
      "provider": "provider[\"registry.terraform.io/hashicorp/time\"]",
      "instances": [
        {
          "schema_version": 0,
          "attributes": {
            "create_duration": "60s",
            "destroy_duration": null,
            "id": "2022-06-24T13:03:11Z",
            "triggers": null
          },
          "sensitive_attributes": [],
          "private": "bnVsbA==",
          "dependencies": [
            "module.apis.google_project_service.enable_project_iam",
            "module.project.google_project.project",
            "module.service-account.google_organization_iam_member.organization",
            "module.service-account.google_project_iam_member.gcp_account_owner",
            "module.service-account.google_project_iam_member.impersonation_account_owner",
            "module.service-account.google_project_iam_member.service_account_owner",
            "module.service-account.google_service_account.service_account",
            "module.service-account.google_service_account_iam_binding.service_account_impersonation",
            "module.service-account.time_sleep.service_account_impersonation_time_delay",
            "module.service-usage.google_project_service.gcp_services_serviceusage",
            "module.service-usage.time_sleep.enable_api_serviceusage_time_delay",
            "random_string.project_random"
          ]
        }
      ]
    },
    {
      "module": "module.apis",
      "mode": "managed",
      "type": "time_sleep",
      "name": "enable_api_orgpolicy_time_delay",
      "provider": "provider[\"registry.terraform.io/hashicorp/time\"]",
      "instances": [
        {
          "schema_version": 0,
          "attributes": {
            "create_duration": "30s",
            "destroy_duration": null,
            "id": "2022-06-24T13:09:27Z",
            "triggers": null
          },
          "sensitive_attributes": [],
          "private": "bnVsbA==",
          "dependencies": [
            "module.apis.google_project_service.enable_api_cloudresourcemanager",
            "module.apis.google_project_service.enable_api_orgpolicy",
            "module.apis.google_project_service.enable_api_servicemanagement",
            "module.apis.time_sleep.enable_api_cloudresourcemanager_time_delay",
            "module.apis.time_sleep.enable_api_servicemanagement_time_delay",
            "module.project.google_project.project",
            "module.service-account.google_organization_iam_member.organization",
            "module.service-account.google_project_iam_member.gcp_account_owner",
            "module.service-account.google_project_iam_member.impersonation_account_owner",
            "module.service-account.google_project_iam_member.service_account_owner",
            "module.service-account.google_service_account.service_account",
            "module.service-account.google_service_account_iam_binding.service_account_impersonation",
            "module.service-account.time_sleep.service_account_impersonation_time_delay",
            "module.service-usage.google_project_service.gcp_services_serviceusage",
            "module.service-usage.time_sleep.enable_api_serviceusage_time_delay",
            "random_string.project_random"
          ]
        }
      ]
    },
    {
      "module": "module.apis",
      "mode": "managed",
      "type": "time_sleep",
      "name": "enable_api_servicemanagement_time_delay",
      "provider": "provider[\"registry.terraform.io/hashicorp/time\"]",
      "instances": [
        {
          "schema_version": 0,
          "attributes": {
            "create_duration": "30s",
            "destroy_duration": null,
            "id": "2022-06-24T13:08:26Z",
            "triggers": null
          },
          "sensitive_attributes": [],
          "private": "bnVsbA==",
          "dependencies": [
            "module.apis.google_project_service.enable_api_cloudresourcemanager",
            "module.apis.google_project_service.enable_api_servicemanagement",
            "module.apis.time_sleep.enable_api_cloudresourcemanager_time_delay",
            "module.project.google_project.project",
            "module.service-account.google_organization_iam_member.organization",
            "module.service-account.google_project_iam_member.gcp_account_owner",
            "module.service-account.google_project_iam_member.impersonation_account_owner",
            "module.service-account.google_project_iam_member.service_account_owner",
            "module.service-account.google_service_account.service_account",
            "module.service-account.google_service_account_iam_binding.service_account_impersonation",
            "module.service-account.time_sleep.service_account_impersonation_time_delay",
            "module.service-usage.google_project_service.gcp_services_serviceusage",
            "module.service-usage.time_sleep.enable_api_serviceusage_time_delay",
            "random_string.project_random"
          ]
        }
      ]
    },
    {
      "module": "module.apis",
      "mode": "managed",
      "type": "time_sleep",
      "name": "time_sleep_enable_api",
      "provider": "provider[\"registry.terraform.io/hashicorp/time\"]",
      "instances": [
        {
          "schema_version": 0,
          "attributes": {
            "create_duration": "120s",
            "destroy_duration": null,
            "id": "2022-06-24T13:12:20Z",
            "triggers": null
          },
          "sensitive_attributes": [],
          "private": "bnVsbA==",
          "dependencies": [
            "module.apis.google_project_service.enable_api_bigqueryconnection",
            "module.apis.google_project_service.enable_api_bigquerydatatransfer",
            "module.apis.google_project_service.enable_api_bigqueryreservations",
            "module.apis.google_project_service.enable_api_bigquerystorage",
            "module.apis.google_project_service.enable_api_cloudresourcemanager",
            "module.apis.google_project_service.enable_api_compute",
            "module.apis.google_project_service.enable_api_datacatalog",
            "module.apis.google_project_service.enable_api_orgpolicy",
            "module.apis.google_project_service.enable_api_servicemanagement",
            "module.apis.time_sleep.enable_api_bigqueryconnection_time_delay",
            "module.apis.time_sleep.enable_api_bigquerydatatransfer_time_delay",
            "module.apis.time_sleep.enable_api_bigqueryreservations_time_delay",
            "module.apis.time_sleep.enable_api_bigquerystorage_time_delay",
            "module.apis.time_sleep.enable_api_cloudresourcemanager_time_delay",
            "module.apis.time_sleep.enable_api_compute_time_delay",
            "module.apis.time_sleep.enable_api_datacatalog_time_delay",
            "module.apis.time_sleep.enable_api_iam_time_delay",
            "module.apis.time_sleep.enable_api_orgpolicy_time_delay",
            "module.apis.time_sleep.enable_api_servicemanagement_time_delay",
            "module.project.google_project.project",
            "module.service-account.google_organization_iam_member.organization",
            "module.service-account.google_project_iam_member.gcp_account_owner",
            "module.service-account.google_project_iam_member.impersonation_account_owner",
            "module.service-account.google_project_iam_member.service_account_owner",
            "module.service-account.google_service_account.service_account",
            "module.service-account.google_service_account_iam_binding.service_account_impersonation",
            "module.service-account.time_sleep.service_account_impersonation_time_delay",
            "module.service-usage.google_project_service.gcp_services_serviceusage",
            "module.service-usage.time_sleep.enable_api_serviceusage_time_delay",
            "random_string.project_random"
          ]
        }
      ]
    },
    {
      "module": "module.org-policies[0]",
      "mode": "managed",
      "type": "google_org_policy_policy",
      "name": "org_policy_require_os_login",
      "provider": "provider[\"registry.terraform.io/hashicorp/google-beta\"].service_principal_impersonation",
      "instances": [
        {
          "schema_version": 0,
          "attributes": {
            "id": "projects/bigquery-pilot-2cx9vrpcnr/policies/compute.requireOsLogin",
            "name": "projects/bigquery-pilot-2cx9vrpcnr/policies/compute.requireOsLogin",
            "parent": "projects/bigquery-pilot-2cx9vrpcnr",
            "spec": [
              {
                "etag": "CLTw1pUGENjQj/0C",
                "inherit_from_parent": false,
                "reset": false,
                "rules": [
                  {
                    "allow_all": "",
                    "condition": [],
                    "deny_all": "",
                    "enforce": "FALSE",
                    "values": []
                  }
                ],
                "update_time": "2022-06-24T13:12:20.799271Z"
              }
            ],
            "timeouts": null
          },
          "sensitive_attributes": [],
          "private": "eyJlMmJmYjczMC1lY2FhLTExZTYtOGY4OC0zNDM2M2JjN2M0YzAiOnsiY3JlYXRlIjoxMjAwMDAwMDAwMDAwLCJkZWxldGUiOjEyMDAwMDAwMDAwMDAsInVwZGF0ZSI6MTIwMDAwMDAwMDAwMH19",
          "dependencies": [
            "module.apis.google_project_service.enable_api_bigqueryconnection",
            "module.apis.google_project_service.enable_api_bigquerydatatransfer",
            "module.apis.google_project_service.enable_api_bigqueryreservations",
            "module.apis.google_project_service.enable_api_bigquerystorage",
            "module.apis.google_project_service.enable_api_cloudresourcemanager",
            "module.apis.google_project_service.enable_api_compute",
            "module.apis.google_project_service.enable_api_datacatalog",
            "module.apis.google_project_service.enable_api_orgpolicy",
            "module.apis.google_project_service.enable_api_servicemanagement",
            "module.apis.google_project_service.enable_project_iam",
            "module.apis.time_sleep.enable_api_bigqueryconnection_time_delay",
            "module.apis.time_sleep.enable_api_bigquerydatatransfer_time_delay",
            "module.apis.time_sleep.enable_api_bigqueryreservations_time_delay",
            "module.apis.time_sleep.enable_api_bigquerystorage_time_delay",
            "module.apis.time_sleep.enable_api_cloudresourcemanager_time_delay",
            "module.apis.time_sleep.enable_api_compute_time_delay",
            "module.apis.time_sleep.enable_api_datacatalog_time_delay",
            "module.apis.time_sleep.enable_api_iam_time_delay",
            "module.apis.time_sleep.enable_api_orgpolicy_time_delay",
            "module.apis.time_sleep.enable_api_servicemanagement_time_delay",
            "module.apis.time_sleep.time_sleep_enable_api",
            "module.project.google_project.project",
            "module.service-account.google_organization_iam_member.organization",
            "module.service-account.google_project_iam_member.gcp_account_owner",
            "module.service-account.google_project_iam_member.impersonation_account_owner",
            "module.service-account.google_project_iam_member.service_account_owner",
            "module.service-account.google_service_account.service_account",
            "module.service-account.google_service_account_iam_binding.service_account_impersonation",
            "module.service-account.time_sleep.service_account_impersonation_time_delay",
            "module.service-usage.google_project_service.gcp_services_serviceusage",
            "module.service-usage.time_sleep.enable_api_serviceusage_time_delay",
            "random_string.project_random"
          ]
        }
      ]
    },
    {
      "module": "module.org-policies[0]",
      "mode": "managed",
      "type": "google_org_policy_policy",
      "name": "org_policy_require_shielded_vm",
      "provider": "provider[\"registry.terraform.io/hashicorp/google-beta\"].service_principal_impersonation",
      "instances": [
        {
          "schema_version": 0,
          "attributes": {
            "id": "projects/bigquery-pilot-2cx9vrpcnr/policies/compute.requireShieldedVm",
            "name": "projects/bigquery-pilot-2cx9vrpcnr/policies/compute.requireShieldedVm",
            "parent": "projects/bigquery-pilot-2cx9vrpcnr",
            "spec": [
              {
                "etag": "CLTw1pUGEMCfov0C",
                "inherit_from_parent": false,
                "reset": false,
                "rules": [
                  {
                    "allow_all": "",
                    "condition": [],
                    "deny_all": "",
                    "enforce": "FALSE",
                    "values": []
                  }
                ],
                "update_time": "2022-06-24T13:12:20.799576Z"
              }
            ],
            "timeouts": null
          },
          "sensitive_attributes": [],
          "private": "eyJlMmJmYjczMC1lY2FhLTExZTYtOGY4OC0zNDM2M2JjN2M0YzAiOnsiY3JlYXRlIjoxMjAwMDAwMDAwMDAwLCJkZWxldGUiOjEyMDAwMDAwMDAwMDAsInVwZGF0ZSI6MTIwMDAwMDAwMDAwMH19",
          "dependencies": [
            "module.apis.google_project_service.enable_api_bigqueryconnection",
            "module.apis.google_project_service.enable_api_bigquerydatatransfer",
            "module.apis.google_project_service.enable_api_bigqueryreservations",
            "module.apis.google_project_service.enable_api_bigquerystorage",
            "module.apis.google_project_service.enable_api_cloudresourcemanager",
            "module.apis.google_project_service.enable_api_compute",
            "module.apis.google_project_service.enable_api_datacatalog",
            "module.apis.google_project_service.enable_api_orgpolicy",
            "module.apis.google_project_service.enable_api_servicemanagement",
            "module.apis.google_project_service.enable_project_iam",
            "module.apis.time_sleep.enable_api_bigqueryconnection_time_delay",
            "module.apis.time_sleep.enable_api_bigquerydatatransfer_time_delay",
            "module.apis.time_sleep.enable_api_bigqueryreservations_time_delay",
            "module.apis.time_sleep.enable_api_bigquerystorage_time_delay",
            "module.apis.time_sleep.enable_api_cloudresourcemanager_time_delay",
            "module.apis.time_sleep.enable_api_compute_time_delay",
            "module.apis.time_sleep.enable_api_datacatalog_time_delay",
            "module.apis.time_sleep.enable_api_iam_time_delay",
            "module.apis.time_sleep.enable_api_orgpolicy_time_delay",
            "module.apis.time_sleep.enable_api_servicemanagement_time_delay",
            "module.apis.time_sleep.time_sleep_enable_api",
            "module.project.google_project.project",
            "module.service-account.google_organization_iam_member.organization",
            "module.service-account.google_project_iam_member.gcp_account_owner",
            "module.service-account.google_project_iam_member.impersonation_account_owner",
            "module.service-account.google_project_iam_member.service_account_owner",
            "module.service-account.google_service_account.service_account",
            "module.service-account.google_service_account_iam_binding.service_account_impersonation",
            "module.service-account.time_sleep.service_account_impersonation_time_delay",
            "module.service-usage.google_project_service.gcp_services_serviceusage",
            "module.service-usage.time_sleep.enable_api_serviceusage_time_delay",
            "random_string.project_random"
          ]
        }
      ]
    },
    {
      "module": "module.org-policies[0]",
      "mode": "managed",
      "type": "google_org_policy_policy",
      "name": "org_policy_vm_external_ip_access",
      "provider": "provider[\"registry.terraform.io/hashicorp/google-beta\"].service_principal_impersonation",
      "instances": [
        {
          "schema_version": 0,
          "attributes": {
            "id": "projects/bigquery-pilot-2cx9vrpcnr/policies/compute.vmExternalIpAccess",
            "name": "projects/bigquery-pilot-2cx9vrpcnr/policies/compute.vmExternalIpAccess",
            "parent": "projects/bigquery-pilot-2cx9vrpcnr",
            "spec": [
              {
                "etag": "CLTw1pUGEOj7tZAD",
                "inherit_from_parent": false,
                "reset": false,
                "rules": [
                  {
                    "allow_all": "TRUE",
                    "condition": [],
                    "deny_all": "",
                    "enforce": "",
                    "values": []
                  }
                ],
                "update_time": "2022-06-24T13:12:20.839745Z"
              }
            ],
            "timeouts": null
          },
          "sensitive_attributes": [],
          "private": "eyJlMmJmYjczMC1lY2FhLTExZTYtOGY4OC0zNDM2M2JjN2M0YzAiOnsiY3JlYXRlIjoxMjAwMDAwMDAwMDAwLCJkZWxldGUiOjEyMDAwMDAwMDAwMDAsInVwZGF0ZSI6MTIwMDAwMDAwMDAwMH19",
          "dependencies": [
            "module.apis.google_project_service.enable_api_bigqueryconnection",
            "module.apis.google_project_service.enable_api_bigquerydatatransfer",
            "module.apis.google_project_service.enable_api_bigqueryreservations",
            "module.apis.google_project_service.enable_api_bigquerystorage",
            "module.apis.google_project_service.enable_api_cloudresourcemanager",
            "module.apis.google_project_service.enable_api_compute",
            "module.apis.google_project_service.enable_api_datacatalog",
            "module.apis.google_project_service.enable_api_orgpolicy",
            "module.apis.google_project_service.enable_api_servicemanagement",
            "module.apis.google_project_service.enable_project_iam",
            "module.apis.time_sleep.enable_api_bigqueryconnection_time_delay",
            "module.apis.time_sleep.enable_api_bigquerydatatransfer_time_delay",
            "module.apis.time_sleep.enable_api_bigqueryreservations_time_delay",
            "module.apis.time_sleep.enable_api_bigquerystorage_time_delay",
            "module.apis.time_sleep.enable_api_cloudresourcemanager_time_delay",
            "module.apis.time_sleep.enable_api_compute_time_delay",
            "module.apis.time_sleep.enable_api_datacatalog_time_delay",
            "module.apis.time_sleep.enable_api_iam_time_delay",
            "module.apis.time_sleep.enable_api_orgpolicy_time_delay",
            "module.apis.time_sleep.enable_api_servicemanagement_time_delay",
            "module.apis.time_sleep.time_sleep_enable_api",
            "module.project.google_project.project",
            "module.service-account.google_organization_iam_member.organization",
            "module.service-account.google_project_iam_member.gcp_account_owner",
            "module.service-account.google_project_iam_member.impersonation_account_owner",
            "module.service-account.google_project_iam_member.service_account_owner",
            "module.service-account.google_service_account.service_account",
            "module.service-account.google_service_account_iam_binding.service_account_impersonation",
            "module.service-account.time_sleep.service_account_impersonation_time_delay",
            "module.service-usage.google_project_service.gcp_services_serviceusage",
            "module.service-usage.time_sleep.enable_api_serviceusage_time_delay",
            "random_string.project_random"
          ]
        }
      ]
    },
    {
      "module": "module.org-policies[0]",
      "mode": "managed",
      "type": "time_sleep",
      "name": "time_sleep_org_policies",
      "provider": "provider[\"registry.terraform.io/hashicorp/time\"]",
      "instances": [
        {
          "schema_version": 0,
          "attributes": {
            "create_duration": "90s",
            "destroy_duration": null,
            "id": "2022-06-24T13:13:52Z",
            "triggers": null
          },
          "sensitive_attributes": [],
          "private": "bnVsbA==",
          "dependencies": [
            "module.apis.google_project_service.enable_api_bigqueryconnection",
            "module.apis.google_project_service.enable_api_bigquerydatatransfer",
            "module.apis.google_project_service.enable_api_bigqueryreservations",
            "module.apis.google_project_service.enable_api_bigquerystorage",
            "module.apis.google_project_service.enable_api_cloudresourcemanager",
            "module.apis.google_project_service.enable_api_compute",
            "module.apis.google_project_service.enable_api_datacatalog",
            "module.apis.google_project_service.enable_api_orgpolicy",
            "module.apis.google_project_service.enable_api_servicemanagement",
            "module.apis.google_project_service.enable_project_iam",
            "module.apis.time_sleep.enable_api_bigqueryconnection_time_delay",
            "module.apis.time_sleep.enable_api_bigquerydatatransfer_time_delay",
            "module.apis.time_sleep.enable_api_bigqueryreservations_time_delay",
            "module.apis.time_sleep.enable_api_bigquerystorage_time_delay",
            "module.apis.time_sleep.enable_api_cloudresourcemanager_time_delay",
            "module.apis.time_sleep.enable_api_compute_time_delay",
            "module.apis.time_sleep.enable_api_datacatalog_time_delay",
            "module.apis.time_sleep.enable_api_iam_time_delay",
            "module.apis.time_sleep.enable_api_orgpolicy_time_delay",
            "module.apis.time_sleep.enable_api_servicemanagement_time_delay",
            "module.apis.time_sleep.time_sleep_enable_api",
            "module.org-policies.google_org_policy_policy.org_policy_require_os_login",
            "module.org-policies.google_org_policy_policy.org_policy_require_shielded_vm",
            "module.org-policies.google_org_policy_policy.org_policy_vm_external_ip_access",
            "module.project.google_project.project",
            "module.service-account.google_organization_iam_member.organization",
            "module.service-account.google_project_iam_member.gcp_account_owner",
            "module.service-account.google_project_iam_member.impersonation_account_owner",
            "module.service-account.google_project_iam_member.service_account_owner",
            "module.service-account.google_service_account.service_account",
            "module.service-account.google_service_account_iam_binding.service_account_impersonation",
            "module.service-account.time_sleep.service_account_impersonation_time_delay",
            "module.service-usage.google_project_service.gcp_services_serviceusage",
            "module.service-usage.time_sleep.enable_api_serviceusage_time_delay",
            "random_string.project_random"
          ]
        }
      ]
    },
    {
      "module": "module.project[0]",
      "mode": "managed",
      "type": "google_project",
      "name": "project",
      "provider": "provider[\"registry.terraform.io/hashicorp/google-beta\"]",
      "instances": [
        {
          "schema_version": 1,
          "attributes": {
            "auto_create_network": true,
            "billing_account": "01E74D-73DE79-03AFD5",
            "folder_id": "",
            "id": "projects/bigquery-pilot-2cx9vrpcnr",
            "labels": {},
            "name": "bigquery-pilot-2cx9vrpcnr",
            "number": "692802534222",
            "org_id": "1055931740215",
            "project_id": "bigquery-pilot-2cx9vrpcnr",
            "skip_delete": null,
            "timeouts": {
              "create": "15m",
              "delete": null,
              "read": null,
              "update": null
            }
          },
          "sensitive_attributes": [],
          "private": "eyJlMmJmYjczMC1lY2FhLTExZTYtOGY4OC0zNDM2M2JjN2M0YzAiOnsiY3JlYXRlIjo5MDAwMDAwMDAwMDAsImRlbGV0ZSI6NjAwMDAwMDAwMDAwLCJyZWFkIjo2MDAwMDAwMDAwMDAsInVwZGF0ZSI6NjAwMDAwMDAwMDAwfSwic2NoZW1hX3ZlcnNpb24iOiIxIn0=",
          "dependencies": [
            "random_string.project_random"
          ]
        }
      ]
    },
    {
      "module": "module.resources",
      "mode": "managed",
      "type": "google_bigquery_dataset",
      "name": "bqpilot_dataset",
      "provider": "provider[\"registry.terraform.io/hashicorp/google-beta\"].service_principal_impersonation",
      "instances": [
        {
          "schema_version": 0,
          "attributes": {
            "access": [
              {
                "dataset": [],
                "domain": "",
                "group_by_email": "",
                "role": "OWNER",
                "special_group": "",
                "user_by_email": "bigquery-pilot-2cx9vrpcnr@bigquery-pilot-2cx9vrpcnr.iam.gserviceaccount.com",
                "view": []
              },
              {
                "dataset": [],
                "domain": "",
                "group_by_email": "",
                "role": "OWNER",
                "special_group": "projectOwners",
                "user_by_email": "",
                "view": []
              },
              {
                "dataset": [],
                "domain": "",
                "group_by_email": "",
                "role": "READER",
                "special_group": "projectReaders",
                "user_by_email": "",
                "view": []
              },
              {
                "dataset": [],
                "domain": "",
                "group_by_email": "",
                "role": "WRITER",
                "special_group": "projectWriters",
                "user_by_email": "",
                "view": []
              }
            ],
            "creation_time": 1656076432625,
            "dataset_id": "bqpilot_dataset",
            "default_encryption_configuration": [],
            "default_partition_expiration_ms": 0,
            "default_table_expiration_ms": 0,
            "delete_contents_on_destroy": false,
            "description": "This contains the Bigquery pilot data",
            "etag": "m04aYheBmm/Y2tL7xgGWWw==",
            "friendly_name": "bqpilot_dataset",
            "id": "projects/bigquery-pilot-2cx9vrpcnr/datasets/bqpilot_dataset",
            "labels": null,
            "last_modified_time": 1656076432625,
            "location": "us-west2",
            "project": "bigquery-pilot-2cx9vrpcnr",
            "self_link": "https://bigquery.googleapis.com/bigquery/v2/projects/bigquery-pilot-2cx9vrpcnr/datasets/bqpilot_dataset",
            "timeouts": null
          },
          "sensitive_attributes": [],
          "private": "eyJlMmJmYjczMC1lY2FhLTExZTYtOGY4OC0zNDM2M2JjN2M0YzAiOnsiY3JlYXRlIjoxMjAwMDAwMDAwMDAwLCJkZWxldGUiOjEyMDAwMDAwMDAwMDAsInVwZGF0ZSI6MTIwMDAwMDAwMDAwMH19",
          "dependencies": [
            "module.apis.google_project_service.enable_api_bigqueryconnection",
            "module.apis.google_project_service.enable_api_bigquerydatatransfer",
            "module.apis.google_project_service.enable_api_bigqueryreservations",
            "module.apis.google_project_service.enable_api_bigquerystorage",
            "module.apis.google_project_service.enable_api_cloudresourcemanager",
            "module.apis.google_project_service.enable_api_compute",
            "module.apis.google_project_service.enable_api_datacatalog",
            "module.apis.google_project_service.enable_api_orgpolicy",
            "module.apis.google_project_service.enable_api_servicemanagement",
            "module.apis.google_project_service.enable_project_iam",
            "module.apis.time_sleep.enable_api_bigqueryconnection_time_delay",
            "module.apis.time_sleep.enable_api_bigquerydatatransfer_time_delay",
            "module.apis.time_sleep.enable_api_bigqueryreservations_time_delay",
            "module.apis.time_sleep.enable_api_bigquerystorage_time_delay",
            "module.apis.time_sleep.enable_api_cloudresourcemanager_time_delay",
            "module.apis.time_sleep.enable_api_compute_time_delay",
            "module.apis.time_sleep.enable_api_datacatalog_time_delay",
            "module.apis.time_sleep.enable_api_iam_time_delay",
            "module.apis.time_sleep.enable_api_orgpolicy_time_delay",
            "module.apis.time_sleep.enable_api_servicemanagement_time_delay",
            "module.apis.time_sleep.time_sleep_enable_api",
            "module.org-policies-deprecated.google_project_organization_policy.org_policy_require_os_login",
            "module.org-policies-deprecated.google_project_organization_policy.org_policy_require_shielded_vm",
            "module.org-policies-deprecated.google_project_organization_policy.org_policy_vm_external_ip_access",
            "module.org-policies-deprecated.time_sleep.time_sleep_org_policies",
            "module.org-policies.google_org_policy_policy.org_policy_require_os_login",
            "module.org-policies.google_org_policy_policy.org_policy_require_shielded_vm",
            "module.org-policies.google_org_policy_policy.org_policy_vm_external_ip_access",
            "module.org-policies.time_sleep.time_sleep_org_policies",
            "module.project.google_project.project",
            "module.service-account.google_organization_iam_member.organization",
            "module.service-account.google_project_iam_member.gcp_account_owner",
            "module.service-account.google_project_iam_member.impersonation_account_owner",
            "module.service-account.google_project_iam_member.service_account_owner",
            "module.service-account.google_service_account.service_account",
            "module.service-account.google_service_account_iam_binding.service_account_impersonation",
            "module.service-account.time_sleep.service_account_impersonation_time_delay",
            "module.service-usage.google_project_service.gcp_services_serviceusage",
            "module.service-usage.time_sleep.enable_api_serviceusage_time_delay",
            "random_string.project_random"
          ]
        }
      ]
    },
    {
      "module": "module.resources",
      "mode": "managed",
      "type": "google_bigquery_table",
      "name": "default",
      "provider": "provider[\"registry.terraform.io/hashicorp/google-beta\"].service_principal_impersonation",
      "instances": [
        {
          "schema_version": 0,
          "attributes": {
            "clustering": [
              "Pickup_DateTime"
            ],
            "creation_time": 1656076436119,
            "dataset_id": "bqpilot_dataset",
            "deletion_protection": true,
            "description": "",
            "encryption_configuration": [],
            "etag": "Rpsr60GLUUFvwFg7F1Zo3w==",
            "expiration_time": 0,
            "external_data_configuration": [],
            "friendly_name": "",
            "id": "projects/bigquery-pilot-2cx9vrpcnr/datasets/bqpilot_dataset/tables/taxi_trips_with_col_sec",
            "labels": null,
            "last_modified_time": 1656076436319,
            "location": "us-west2",
            "materialized_view": [],
            "num_bytes": 0,
            "num_long_term_bytes": 0,
            "num_rows": 0,
            "project": "bigquery-pilot-2cx9vrpcnr",
            "range_partitioning": [],
            "schema": "[{\"mode\":\"NULLABLE\",\"name\":\"Vendor_Id\",\"type\":\"INTEGER\"},{\"mode\":\"NULLABLE\",\"name\":\"Pickup_DateTime\",\"type\":\"TIMESTAMP\"},{\"mode\":\"NULLABLE\",\"name\":\"Dropoff_DateTime\",\"type\":\"TIMESTAMP\"},{\"mode\":\"NULLABLE\",\"name\":\"Passenger_Count\",\"type\":\"INTEGER\"},{\"mode\":\"NULLABLE\",\"name\":\"Trip_Distance\",\"type\":\"FLOAT\"},{\"mode\":\"NULLABLE\",\"name\":\"Rate_Code_Id\",\"type\":\"INTEGER\"},{\"mode\":\"NULLABLE\",\"name\":\"Store_And_Forward\",\"type\":\"STRING\"},{\"mode\":\"NULLABLE\",\"name\":\"PULocationID\",\"type\":\"INTEGER\"},{\"mode\":\"NULLABLE\",\"name\":\"DOLocationID\",\"type\":\"INTEGER\"},{\"mode\":\"NULLABLE\",\"name\":\"Payment_Type_Id\",\"type\":\"INTEGER\"},{\"mode\":\"NULLABLE\",\"name\":\"Fare_Amount\",\"policyTags\":{\"names\":[\"projects/bigquery-pilot-2cx9vrpcnr/locations/us-west2/taxonomies/161681264285379258/policyTags/5448734929617724489\"]},\"type\":\"FLOAT\"},{\"mode\":\"NULLABLE\",\"name\":\"Surcharge\",\"policyTags\":{\"names\":[\"projects/bigquery-pilot-2cx9vrpcnr/locations/us-west2/taxonomies/161681264285379258/policyTags/5448734929617724489\"]},\"type\":\"FLOAT\"},{\"mode\":\"NULLABLE\",\"name\":\"MTA_Tax\",\"policyTags\":{\"names\":[\"projects/bigquery-pilot-2cx9vrpcnr/locations/us-west2/taxonomies/161681264285379258/policyTags/5448734929617724489\"]},\"type\":\"FLOAT\"},{\"mode\":\"NULLABLE\",\"name\":\"Tip_Amount\",\"policyTags\":{\"names\":[\"projects/bigquery-pilot-2cx9vrpcnr/locations/us-west2/taxonomies/161681264285379258/policyTags/5734664603266080353\"]},\"type\":\"FLOAT\"},{\"mode\":\"NULLABLE\",\"name\":\"Tolls_Amount\",\"policyTags\":{\"names\":[\"projects/bigquery-pilot-2cx9vrpcnr/locations/us-west2/taxonomies/161681264285379258/policyTags/5448734929617724489\"]},\"type\":\"FLOAT\"},{\"mode\":\"NULLABLE\",\"name\":\"Improvement_Surcharge\",\"policyTags\":{\"names\":[\"projects/bigquery-pilot-2cx9vrpcnr/locations/us-west2/taxonomies/161681264285379258/policyTags/5448734929617724489\"]},\"type\":\"FLOAT\"},{\"mode\":\"NULLABLE\",\"name\":\"Total_Amount\",\"policyTags\":{\"names\":[\"projects/bigquery-pilot-2cx9vrpcnr/locations/us-west2/taxonomies/161681264285379258/policyTags/5734664603266080353\"]},\"type\":\"FLOAT\"},{\"mode\":\"NULLABLE\",\"name\":\"Congestion_Surcharge\",\"policyTags\":{\"names\":[\"projects/bigquery-pilot-2cx9vrpcnr/locations/us-west2/taxonomies/161681264285379258/policyTags/5448734929617724489\"]},\"type\":\"FLOAT\"}]",
            "self_link": "https://bigquery.googleapis.com/bigquery/v2/projects/bigquery-pilot-2cx9vrpcnr/datasets/bqpilot_dataset/tables/taxi_trips_with_col_sec",
            "table_id": "taxi_trips_with_col_sec",
            "time_partitioning": [],
            "type": "TABLE",
            "view": []
          },
          "sensitive_attributes": [],
          "private": "bnVsbA==",
          "dependencies": [
            "module.apis.google_project_service.enable_api_bigqueryconnection",
            "module.apis.google_project_service.enable_api_bigquerydatatransfer",
            "module.apis.google_project_service.enable_api_bigqueryreservations",
            "module.apis.google_project_service.enable_api_bigquerystorage",
            "module.apis.google_project_service.enable_api_cloudresourcemanager",
            "module.apis.google_project_service.enable_api_compute",
            "module.apis.google_project_service.enable_api_datacatalog",
            "module.apis.google_project_service.enable_api_orgpolicy",
            "module.apis.google_project_service.enable_api_servicemanagement",
            "module.apis.google_project_service.enable_project_iam",
            "module.apis.time_sleep.enable_api_bigqueryconnection_time_delay",
            "module.apis.time_sleep.enable_api_bigquerydatatransfer_time_delay",
            "module.apis.time_sleep.enable_api_bigqueryreservations_time_delay",
            "module.apis.time_sleep.enable_api_bigquerystorage_time_delay",
            "module.apis.time_sleep.enable_api_cloudresourcemanager_time_delay",
            "module.apis.time_sleep.enable_api_compute_time_delay",
            "module.apis.time_sleep.enable_api_datacatalog_time_delay",
            "module.apis.time_sleep.enable_api_iam_time_delay",
            "module.apis.time_sleep.enable_api_orgpolicy_time_delay",
            "module.apis.time_sleep.enable_api_servicemanagement_time_delay",
            "module.apis.time_sleep.time_sleep_enable_api",
            "module.org-policies-deprecated.google_project_organization_policy.org_policy_require_os_login",
            "module.org-policies-deprecated.google_project_organization_policy.org_policy_require_shielded_vm",
            "module.org-policies-deprecated.google_project_organization_policy.org_policy_vm_external_ip_access",
            "module.org-policies-deprecated.time_sleep.time_sleep_org_policies",
            "module.org-policies.google_org_policy_policy.org_policy_require_os_login",
            "module.org-policies.google_org_policy_policy.org_policy_require_shielded_vm",
            "module.org-policies.google_org_policy_policy.org_policy_vm_external_ip_access",
            "module.org-policies.time_sleep.time_sleep_org_policies",
            "module.project.google_project.project",
            "module.resources.google_bigquery_dataset.bqpilot_dataset",
            "module.resources.google_data_catalog_policy_tag.high_security_policy_tag",
            "module.resources.google_data_catalog_policy_tag.low_security_policy_tag",
            "module.resources.google_data_catalog_taxonomy.business_critical_taxonomy",
            "module.service-account.google_organization_iam_member.organization",
            "module.service-account.google_project_iam_member.gcp_account_owner",
            "module.service-account.google_project_iam_member.impersonation_account_owner",
            "module.service-account.google_project_iam_member.service_account_owner",
            "module.service-account.google_service_account.service_account",
            "module.service-account.google_service_account_iam_binding.service_account_impersonation",
            "module.service-account.time_sleep.service_account_impersonation_time_delay",
            "module.service-usage.google_project_service.gcp_services_serviceusage",
            "module.service-usage.time_sleep.enable_api_serviceusage_time_delay",
            "random_string.project_random"
          ]
        }
      ]
    },
    {
      "module": "module.resources",
      "mode": "managed",
      "type": "google_compute_firewall",
      "name": "subnet1_firewall_rule",
      "provider": "provider[\"registry.terraform.io/hashicorp/google-beta\"].service_principal_impersonation",
      "instances": [
        {
          "schema_version": 1,
          "attributes": {
            "allow": [
              {
                "ports": [],
                "protocol": "icmp"
              },
              {
                "ports": [],
                "protocol": "tcp"
              },
              {
                "ports": [],
                "protocol": "udp"
              }
            ],
            "creation_timestamp": "2022-06-24T06:14:39.967-07:00",
            "deny": [],
            "description": "",
            "destination_ranges": [],
            "direction": "INGRESS",
            "disabled": false,
            "enable_logging": null,
            "id": "projects/bigquery-pilot-2cx9vrpcnr/global/firewalls/subnet1-firewall",
            "log_config": [],
            "name": "subnet1-firewall",
            "network": "https://www.googleapis.com/compute/v1/projects/bigquery-pilot-2cx9vrpcnr/global/networks/vpc-main",
            "priority": 1000,
            "project": "bigquery-pilot-2cx9vrpcnr",
            "self_link": "https://www.googleapis.com/compute/v1/projects/bigquery-pilot-2cx9vrpcnr/global/firewalls/subnet1-firewall",
            "source_ranges": [
              "10.3.0.0/16"
            ],
            "source_service_accounts": null,
            "source_tags": null,
            "target_service_accounts": null,
            "target_tags": null,
            "timeouts": null
          },
          "sensitive_attributes": [],
          "private": "eyJlMmJmYjczMC1lY2FhLTExZTYtOGY4OC0zNDM2M2JjN2M0YzAiOnsiY3JlYXRlIjoxMjAwMDAwMDAwMDAwLCJkZWxldGUiOjEyMDAwMDAwMDAwMDAsInVwZGF0ZSI6MTIwMDAwMDAwMDAwMH0sInNjaGVtYV92ZXJzaW9uIjoiMSJ9",
          "dependencies": [
            "module.apis.google_project_service.enable_api_bigqueryconnection",
            "module.apis.google_project_service.enable_api_bigquerydatatransfer",
            "module.apis.google_project_service.enable_api_bigqueryreservations",
            "module.apis.google_project_service.enable_api_bigquerystorage",
            "module.apis.google_project_service.enable_api_cloudresourcemanager",
            "module.apis.google_project_service.enable_api_compute",
            "module.apis.google_project_service.enable_api_datacatalog",
            "module.apis.google_project_service.enable_api_orgpolicy",
            "module.apis.google_project_service.enable_api_servicemanagement",
            "module.apis.google_project_service.enable_project_iam",
            "module.apis.time_sleep.enable_api_bigqueryconnection_time_delay",
            "module.apis.time_sleep.enable_api_bigquerydatatransfer_time_delay",
            "module.apis.time_sleep.enable_api_bigqueryreservations_time_delay",
            "module.apis.time_sleep.enable_api_bigquerystorage_time_delay",
            "module.apis.time_sleep.enable_api_cloudresourcemanager_time_delay",
            "module.apis.time_sleep.enable_api_compute_time_delay",
            "module.apis.time_sleep.enable_api_datacatalog_time_delay",
            "module.apis.time_sleep.enable_api_iam_time_delay",
            "module.apis.time_sleep.enable_api_orgpolicy_time_delay",
            "module.apis.time_sleep.enable_api_servicemanagement_time_delay",
            "module.apis.time_sleep.time_sleep_enable_api",
            "module.org-policies-deprecated.google_project_organization_policy.org_policy_require_os_login",
            "module.org-policies-deprecated.google_project_organization_policy.org_policy_require_shielded_vm",
            "module.org-policies-deprecated.google_project_organization_policy.org_policy_vm_external_ip_access",
            "module.org-policies-deprecated.time_sleep.time_sleep_org_policies",
            "module.org-policies.google_org_policy_policy.org_policy_require_os_login",
            "module.org-policies.google_org_policy_policy.org_policy_require_shielded_vm",
            "module.org-policies.google_org_policy_policy.org_policy_vm_external_ip_access",
            "module.org-policies.time_sleep.time_sleep_org_policies",
            "module.project.google_project.project",
            "module.resources.google_compute_network.default_network",
            "module.resources.google_compute_subnetwork.subnet1",
            "module.service-account.google_organization_iam_member.organization",
            "module.service-account.google_project_iam_member.gcp_account_owner",
            "module.service-account.google_project_iam_member.impersonation_account_owner",
            "module.service-account.google_project_iam_member.service_account_owner",
            "module.service-account.google_service_account.service_account",
            "module.service-account.google_service_account_iam_binding.service_account_impersonation",
            "module.service-account.time_sleep.service_account_impersonation_time_delay",
            "module.service-usage.google_project_service.gcp_services_serviceusage",
            "module.service-usage.time_sleep.enable_api_serviceusage_time_delay",
            "random_string.project_random"
          ]
        }
      ]
    },
    {
      "module": "module.resources",
      "mode": "managed",
      "type": "google_compute_network",
      "name": "default_network",
      "provider": "provider[\"registry.terraform.io/hashicorp/google-beta\"].service_principal_impersonation",
      "instances": [
        {
          "schema_version": 0,
          "attributes": {
            "auto_create_subnetworks": false,
            "delete_default_routes_on_create": false,
            "description": "Default network",
            "gateway_ipv4": "",
            "id": "projects/bigquery-pilot-2cx9vrpcnr/global/networks/vpc-main",
            "mtu": 1460,
            "name": "vpc-main",
            "project": "bigquery-pilot-2cx9vrpcnr",
            "routing_mode": "REGIONAL",
            "self_link": "https://www.googleapis.com/compute/v1/projects/bigquery-pilot-2cx9vrpcnr/global/networks/vpc-main",
            "timeouts": null
          },
          "sensitive_attributes": [],
          "private": "eyJlMmJmYjczMC1lY2FhLTExZTYtOGY4OC0zNDM2M2JjN2M0YzAiOnsiY3JlYXRlIjoxMjAwMDAwMDAwMDAwLCJkZWxldGUiOjEyMDAwMDAwMDAwMDAsInVwZGF0ZSI6MTIwMDAwMDAwMDAwMH19",
          "dependencies": [
            "module.apis.google_project_service.enable_api_bigqueryconnection",
            "module.apis.google_project_service.enable_api_bigquerydatatransfer",
            "module.apis.google_project_service.enable_api_bigqueryreservations",
            "module.apis.google_project_service.enable_api_bigquerystorage",
            "module.apis.google_project_service.enable_api_cloudresourcemanager",
            "module.apis.google_project_service.enable_api_compute",
            "module.apis.google_project_service.enable_api_datacatalog",
            "module.apis.google_project_service.enable_api_orgpolicy",
            "module.apis.google_project_service.enable_api_servicemanagement",
            "module.apis.google_project_service.enable_project_iam",
            "module.apis.time_sleep.enable_api_bigqueryconnection_time_delay",
            "module.apis.time_sleep.enable_api_bigquerydatatransfer_time_delay",
            "module.apis.time_sleep.enable_api_bigqueryreservations_time_delay",
            "module.apis.time_sleep.enable_api_bigquerystorage_time_delay",
            "module.apis.time_sleep.enable_api_cloudresourcemanager_time_delay",
            "module.apis.time_sleep.enable_api_compute_time_delay",
            "module.apis.time_sleep.enable_api_datacatalog_time_delay",
            "module.apis.time_sleep.enable_api_iam_time_delay",
            "module.apis.time_sleep.enable_api_orgpolicy_time_delay",
            "module.apis.time_sleep.enable_api_servicemanagement_time_delay",
            "module.apis.time_sleep.time_sleep_enable_api",
            "module.org-policies-deprecated.google_project_organization_policy.org_policy_require_os_login",
            "module.org-policies-deprecated.google_project_organization_policy.org_policy_require_shielded_vm",
            "module.org-policies-deprecated.google_project_organization_policy.org_policy_vm_external_ip_access",
            "module.org-policies-deprecated.time_sleep.time_sleep_org_policies",
            "module.org-policies.google_org_policy_policy.org_policy_require_os_login",
            "module.org-policies.google_org_policy_policy.org_policy_require_shielded_vm",
            "module.org-policies.google_org_policy_policy.org_policy_vm_external_ip_access",
            "module.org-policies.time_sleep.time_sleep_org_policies",
            "module.project.google_project.project",
            "module.service-account.google_organization_iam_member.organization",
            "module.service-account.google_project_iam_member.gcp_account_owner",
            "module.service-account.google_project_iam_member.impersonation_account_owner",
            "module.service-account.google_project_iam_member.service_account_owner",
            "module.service-account.google_service_account.service_account",
            "module.service-account.google_service_account_iam_binding.service_account_impersonation",
            "module.service-account.time_sleep.service_account_impersonation_time_delay",
            "module.service-usage.google_project_service.gcp_services_serviceusage",
            "module.service-usage.time_sleep.enable_api_serviceusage_time_delay",
            "random_string.project_random"
          ]
        }
      ]
    },
    {
      "module": "module.resources",
      "mode": "managed",
      "type": "google_compute_subnetwork",
      "name": "subnet1",
      "provider": "provider[\"registry.terraform.io/hashicorp/google-beta\"].service_principal_impersonation",
      "instances": [
        {
          "schema_version": 0,
          "attributes": {
            "creation_timestamp": "2022-06-24T06:14:16.922-07:00",
            "description": "",
            "external_ipv6_prefix": "",
            "fingerprint": null,
            "gateway_address": "10.3.0.1",
            "id": "projects/bigquery-pilot-2cx9vrpcnr/regions/us-west2/subnetworks/subnet1",
            "ip_cidr_range": "10.3.0.0/16",
            "ipv6_access_type": "",
            "ipv6_cidr_range": "",
            "log_config": [],
            "name": "subnet1",
            "network": "https://www.googleapis.com/compute/v1/projects/bigquery-pilot-2cx9vrpcnr/global/networks/vpc-main",
            "private_ip_google_access": false,
            "private_ipv6_google_access": "DISABLE_GOOGLE_ACCESS",
            "project": "bigquery-pilot-2cx9vrpcnr",
            "purpose": "PRIVATE",
            "region": "us-west2",
            "role": "",
            "secondary_ip_range": [],
            "self_link": "https://www.googleapis.com/compute/v1/projects/bigquery-pilot-2cx9vrpcnr/regions/us-west2/subnetworks/subnet1",
            "stack_type": "IPV4_ONLY",
            "timeouts": null
          },
          "sensitive_attributes": [],
          "private": "eyJlMmJmYjczMC1lY2FhLTExZTYtOGY4OC0zNDM2M2JjN2M0YzAiOnsiY3JlYXRlIjoxMjAwMDAwMDAwMDAwLCJkZWxldGUiOjEyMDAwMDAwMDAwMDAsInVwZGF0ZSI6MTIwMDAwMDAwMDAwMH19",
          "dependencies": [
            "module.apis.google_project_service.enable_api_bigqueryconnection",
            "module.apis.google_project_service.enable_api_bigquerydatatransfer",
            "module.apis.google_project_service.enable_api_bigqueryreservations",
            "module.apis.google_project_service.enable_api_bigquerystorage",
            "module.apis.google_project_service.enable_api_cloudresourcemanager",
            "module.apis.google_project_service.enable_api_compute",
            "module.apis.google_project_service.enable_api_datacatalog",
            "module.apis.google_project_service.enable_api_orgpolicy",
            "module.apis.google_project_service.enable_api_servicemanagement",
            "module.apis.google_project_service.enable_project_iam",
            "module.apis.time_sleep.enable_api_bigqueryconnection_time_delay",
            "module.apis.time_sleep.enable_api_bigquerydatatransfer_time_delay",
            "module.apis.time_sleep.enable_api_bigqueryreservations_time_delay",
            "module.apis.time_sleep.enable_api_bigquerystorage_time_delay",
            "module.apis.time_sleep.enable_api_cloudresourcemanager_time_delay",
            "module.apis.time_sleep.enable_api_compute_time_delay",
            "module.apis.time_sleep.enable_api_datacatalog_time_delay",
            "module.apis.time_sleep.enable_api_iam_time_delay",
            "module.apis.time_sleep.enable_api_orgpolicy_time_delay",
            "module.apis.time_sleep.enable_api_servicemanagement_time_delay",
            "module.apis.time_sleep.time_sleep_enable_api",
            "module.org-policies-deprecated.google_project_organization_policy.org_policy_require_os_login",
            "module.org-policies-deprecated.google_project_organization_policy.org_policy_require_shielded_vm",
            "module.org-policies-deprecated.google_project_organization_policy.org_policy_vm_external_ip_access",
            "module.org-policies-deprecated.time_sleep.time_sleep_org_policies",
            "module.org-policies.google_org_policy_policy.org_policy_require_os_login",
            "module.org-policies.google_org_policy_policy.org_policy_require_shielded_vm",
            "module.org-policies.google_org_policy_policy.org_policy_vm_external_ip_access",
            "module.org-policies.time_sleep.time_sleep_org_policies",
            "module.project.google_project.project",
            "module.resources.google_compute_network.default_network",
            "module.service-account.google_organization_iam_member.organization",
            "module.service-account.google_project_iam_member.gcp_account_owner",
            "module.service-account.google_project_iam_member.impersonation_account_owner",
            "module.service-account.google_project_iam_member.service_account_owner",
            "module.service-account.google_service_account.service_account",
            "module.service-account.google_service_account_iam_binding.service_account_impersonation",
            "module.service-account.time_sleep.service_account_impersonation_time_delay",
            "module.service-usage.google_project_service.gcp_services_serviceusage",
            "module.service-usage.time_sleep.enable_api_serviceusage_time_delay",
            "random_string.project_random"
          ]
        }
      ]
    },
    {
      "module": "module.resources",
      "mode": "managed",
      "type": "google_data_catalog_policy_tag",
      "name": "high_security_policy_tag",
      "provider": "provider[\"registry.terraform.io/hashicorp/google-beta\"].service_principal_impersonation",
      "instances": [
        {
          "schema_version": 0,
          "attributes": {
            "child_policy_tags": [],
            "description": "A policy tag normally associated with high security items",
            "display_name": "High security",
            "id": "projects/bigquery-pilot-2cx9vrpcnr/locations/us-west2/taxonomies/161681264285379258/policyTags/5734664603266080353",
            "name": "projects/bigquery-pilot-2cx9vrpcnr/locations/us-west2/taxonomies/161681264285379258/policyTags/5734664603266080353",
            "parent_policy_tag": "",
            "taxonomy": "projects/bigquery-pilot-2cx9vrpcnr/locations/us-west2/taxonomies/161681264285379258",
            "timeouts": null
          },
          "sensitive_attributes": [],
          "private": "eyJlMmJmYjczMC1lY2FhLTExZTYtOGY4OC0zNDM2M2JjN2M0YzAiOnsiY3JlYXRlIjoxMjAwMDAwMDAwMDAwLCJkZWxldGUiOjEyMDAwMDAwMDAwMDAsInVwZGF0ZSI6MTIwMDAwMDAwMDAwMH19",
          "dependencies": [
            "module.apis.google_project_service.enable_api_bigqueryconnection",
            "module.apis.google_project_service.enable_api_bigquerydatatransfer",
            "module.apis.google_project_service.enable_api_bigqueryreservations",
            "module.apis.google_project_service.enable_api_bigquerystorage",
            "module.apis.google_project_service.enable_api_cloudresourcemanager",
            "module.apis.google_project_service.enable_api_compute",
            "module.apis.google_project_service.enable_api_datacatalog",
            "module.apis.google_project_service.enable_api_orgpolicy",
            "module.apis.google_project_service.enable_api_servicemanagement",
            "module.apis.google_project_service.enable_project_iam",
            "module.apis.time_sleep.enable_api_bigqueryconnection_time_delay",
            "module.apis.time_sleep.enable_api_bigquerydatatransfer_time_delay",
            "module.apis.time_sleep.enable_api_bigqueryreservations_time_delay",
            "module.apis.time_sleep.enable_api_bigquerystorage_time_delay",
            "module.apis.time_sleep.enable_api_cloudresourcemanager_time_delay",
            "module.apis.time_sleep.enable_api_compute_time_delay",
            "module.apis.time_sleep.enable_api_datacatalog_time_delay",
            "module.apis.time_sleep.enable_api_iam_time_delay",
            "module.apis.time_sleep.enable_api_orgpolicy_time_delay",
            "module.apis.time_sleep.enable_api_servicemanagement_time_delay",
            "module.apis.time_sleep.time_sleep_enable_api",
            "module.org-policies-deprecated.google_project_organization_policy.org_policy_require_os_login",
            "module.org-policies-deprecated.google_project_organization_policy.org_policy_require_shielded_vm",
            "module.org-policies-deprecated.google_project_organization_policy.org_policy_vm_external_ip_access",
            "module.org-policies-deprecated.time_sleep.time_sleep_org_policies",
            "module.org-policies.google_org_policy_policy.org_policy_require_os_login",
            "module.org-policies.google_org_policy_policy.org_policy_require_shielded_vm",
            "module.org-policies.google_org_policy_policy.org_policy_vm_external_ip_access",
            "module.org-policies.time_sleep.time_sleep_org_policies",
            "module.project.google_project.project",
            "module.resources.google_data_catalog_taxonomy.business_critical_taxonomy",
            "module.service-account.google_organization_iam_member.organization",
            "module.service-account.google_project_iam_member.gcp_account_owner",
            "module.service-account.google_project_iam_member.impersonation_account_owner",
            "module.service-account.google_project_iam_member.service_account_owner",
            "module.service-account.google_service_account.service_account",
            "module.service-account.google_service_account_iam_binding.service_account_impersonation",
            "module.service-account.time_sleep.service_account_impersonation_time_delay",
            "module.service-usage.google_project_service.gcp_services_serviceusage",
            "module.service-usage.time_sleep.enable_api_serviceusage_time_delay",
            "random_string.project_random"
          ]
        }
      ]
    },
    {
      "module": "module.resources",
      "mode": "managed",
      "type": "google_data_catalog_policy_tag",
      "name": "low_security_policy_tag",
      "provider": "provider[\"registry.terraform.io/hashicorp/google-beta\"].service_principal_impersonation",
      "instances": [
        {
          "schema_version": 0,
          "attributes": {
            "child_policy_tags": [],
            "description": "A policy tag normally associated with low security items",
            "display_name": "Low security",
            "id": "projects/bigquery-pilot-2cx9vrpcnr/locations/us-west2/taxonomies/161681264285379258/policyTags/5448734929617724489",
            "name": "projects/bigquery-pilot-2cx9vrpcnr/locations/us-west2/taxonomies/161681264285379258/policyTags/5448734929617724489",
            "parent_policy_tag": "",
            "taxonomy": "projects/bigquery-pilot-2cx9vrpcnr/locations/us-west2/taxonomies/161681264285379258",
            "timeouts": null
          },
          "sensitive_attributes": [],
          "private": "eyJlMmJmYjczMC1lY2FhLTExZTYtOGY4OC0zNDM2M2JjN2M0YzAiOnsiY3JlYXRlIjoxMjAwMDAwMDAwMDAwLCJkZWxldGUiOjEyMDAwMDAwMDAwMDAsInVwZGF0ZSI6MTIwMDAwMDAwMDAwMH19",
          "dependencies": [
            "module.apis.google_project_service.enable_api_bigqueryconnection",
            "module.apis.google_project_service.enable_api_bigquerydatatransfer",
            "module.apis.google_project_service.enable_api_bigqueryreservations",
            "module.apis.google_project_service.enable_api_bigquerystorage",
            "module.apis.google_project_service.enable_api_cloudresourcemanager",
            "module.apis.google_project_service.enable_api_compute",
            "module.apis.google_project_service.enable_api_datacatalog",
            "module.apis.google_project_service.enable_api_orgpolicy",
            "module.apis.google_project_service.enable_api_servicemanagement",
            "module.apis.google_project_service.enable_project_iam",
            "module.apis.time_sleep.enable_api_bigqueryconnection_time_delay",
            "module.apis.time_sleep.enable_api_bigquerydatatransfer_time_delay",
            "module.apis.time_sleep.enable_api_bigqueryreservations_time_delay",
            "module.apis.time_sleep.enable_api_bigquerystorage_time_delay",
            "module.apis.time_sleep.enable_api_cloudresourcemanager_time_delay",
            "module.apis.time_sleep.enable_api_compute_time_delay",
            "module.apis.time_sleep.enable_api_datacatalog_time_delay",
            "module.apis.time_sleep.enable_api_iam_time_delay",
            "module.apis.time_sleep.enable_api_orgpolicy_time_delay",
            "module.apis.time_sleep.enable_api_servicemanagement_time_delay",
            "module.apis.time_sleep.time_sleep_enable_api",
            "module.org-policies-deprecated.google_project_organization_policy.org_policy_require_os_login",
            "module.org-policies-deprecated.google_project_organization_policy.org_policy_require_shielded_vm",
            "module.org-policies-deprecated.google_project_organization_policy.org_policy_vm_external_ip_access",
            "module.org-policies-deprecated.time_sleep.time_sleep_org_policies",
            "module.org-policies.google_org_policy_policy.org_policy_require_os_login",
            "module.org-policies.google_org_policy_policy.org_policy_require_shielded_vm",
            "module.org-policies.google_org_policy_policy.org_policy_vm_external_ip_access",
            "module.org-policies.time_sleep.time_sleep_org_policies",
            "module.project.google_project.project",
            "module.resources.google_data_catalog_taxonomy.business_critical_taxonomy",
            "module.service-account.google_organization_iam_member.organization",
            "module.service-account.google_project_iam_member.gcp_account_owner",
            "module.service-account.google_project_iam_member.impersonation_account_owner",
            "module.service-account.google_project_iam_member.service_account_owner",
            "module.service-account.google_service_account.service_account",
            "module.service-account.google_service_account_iam_binding.service_account_impersonation",
            "module.service-account.time_sleep.service_account_impersonation_time_delay",
            "module.service-usage.google_project_service.gcp_services_serviceusage",
            "module.service-usage.time_sleep.enable_api_serviceusage_time_delay",
            "random_string.project_random"
          ]
        }
      ]
    },
    {
      "module": "module.resources",
      "mode": "managed",
      "type": "google_data_catalog_policy_tag_iam_member",
      "name": "member",
      "provider": "provider[\"registry.terraform.io/hashicorp/google-beta\"].service_principal_impersonation",
      "instances": [
        {
          "schema_version": 0,
          "attributes": {
            "condition": [],
            "etag": "BwXiMVfM43A=",
            "id": "projects/bigquery-pilot-2cx9vrpcnr/locations/us-west2/taxonomies/161681264285379258/policyTags/5448734929617724489/roles/datacatalog.categoryFineGrainedReader/user:admin@jitendrayadav.altostrat.com",
            "member": "user:admin@jitendrayadav.altostrat.com",
            "policy_tag": "projects/bigquery-pilot-2cx9vrpcnr/locations/us-west2/taxonomies/161681264285379258/policyTags/5448734929617724489",
            "role": "roles/datacatalog.categoryFineGrainedReader"
          },
          "sensitive_attributes": [],
          "private": "bnVsbA==",
          "dependencies": [
            "module.apis.google_project_service.enable_api_bigqueryconnection",
            "module.apis.google_project_service.enable_api_bigquerydatatransfer",
            "module.apis.google_project_service.enable_api_bigqueryreservations",
            "module.apis.google_project_service.enable_api_bigquerystorage",
            "module.apis.google_project_service.enable_api_cloudresourcemanager",
            "module.apis.google_project_service.enable_api_compute",
            "module.apis.google_project_service.enable_api_datacatalog",
            "module.apis.google_project_service.enable_api_orgpolicy",
            "module.apis.google_project_service.enable_api_servicemanagement",
            "module.apis.google_project_service.enable_project_iam",
            "module.apis.time_sleep.enable_api_bigqueryconnection_time_delay",
            "module.apis.time_sleep.enable_api_bigquerydatatransfer_time_delay",
            "module.apis.time_sleep.enable_api_bigqueryreservations_time_delay",
            "module.apis.time_sleep.enable_api_bigquerystorage_time_delay",
            "module.apis.time_sleep.enable_api_cloudresourcemanager_time_delay",
            "module.apis.time_sleep.enable_api_compute_time_delay",
            "module.apis.time_sleep.enable_api_datacatalog_time_delay",
            "module.apis.time_sleep.enable_api_iam_time_delay",
            "module.apis.time_sleep.enable_api_orgpolicy_time_delay",
            "module.apis.time_sleep.enable_api_servicemanagement_time_delay",
            "module.apis.time_sleep.time_sleep_enable_api",
            "module.org-policies-deprecated.google_project_organization_policy.org_policy_require_os_login",
            "module.org-policies-deprecated.google_project_organization_policy.org_policy_require_shielded_vm",
            "module.org-policies-deprecated.google_project_organization_policy.org_policy_vm_external_ip_access",
            "module.org-policies-deprecated.time_sleep.time_sleep_org_policies",
            "module.org-policies.google_org_policy_policy.org_policy_require_os_login",
            "module.org-policies.google_org_policy_policy.org_policy_require_shielded_vm",
            "module.org-policies.google_org_policy_policy.org_policy_vm_external_ip_access",
            "module.org-policies.time_sleep.time_sleep_org_policies",
            "module.project.google_project.project",
            "module.resources.google_data_catalog_policy_tag.low_security_policy_tag",
            "module.resources.google_data_catalog_taxonomy.business_critical_taxonomy",
            "module.service-account.google_organization_iam_member.organization",
            "module.service-account.google_project_iam_member.gcp_account_owner",
            "module.service-account.google_project_iam_member.impersonation_account_owner",
            "module.service-account.google_project_iam_member.service_account_owner",
            "module.service-account.google_service_account.service_account",
            "module.service-account.google_service_account_iam_binding.service_account_impersonation",
            "module.service-account.time_sleep.service_account_impersonation_time_delay",
            "module.service-usage.google_project_service.gcp_services_serviceusage",
            "module.service-usage.time_sleep.enable_api_serviceusage_time_delay",
            "random_string.project_random"
          ]
        }
      ]
    },
    {
      "module": "module.resources",
      "mode": "managed",
      "type": "google_data_catalog_taxonomy",
      "name": "business_critical_taxonomy",
      "provider": "provider[\"registry.terraform.io/hashicorp/google-beta\"].service_principal_impersonation",
      "instances": [
        {
          "schema_version": 0,
          "attributes": {
            "activated_policy_types": [
              "FINE_GRAINED_ACCESS_CONTROL"
            ],
            "description": "A collection of policy tags",
            "display_name": "Business-Critical-2cx9vrpcnr",
            "id": "projects/bigquery-pilot-2cx9vrpcnr/locations/us-west2/taxonomies/161681264285379258",
            "name": "projects/bigquery-pilot-2cx9vrpcnr/locations/us-west2/taxonomies/161681264285379258",
            "project": "bigquery-pilot-2cx9vrpcnr",
            "region": "us-west2",
            "timeouts": null
          },
          "sensitive_attributes": [],
          "private": "eyJlMmJmYjczMC1lY2FhLTExZTYtOGY4OC0zNDM2M2JjN2M0YzAiOnsiY3JlYXRlIjoxMjAwMDAwMDAwMDAwLCJkZWxldGUiOjEyMDAwMDAwMDAwMDAsInVwZGF0ZSI6MTIwMDAwMDAwMDAwMH19",
          "dependencies": [
            "module.apis.google_project_service.enable_api_bigqueryconnection",
            "module.apis.google_project_service.enable_api_bigquerydatatransfer",
            "module.apis.google_project_service.enable_api_bigqueryreservations",
            "module.apis.google_project_service.enable_api_bigquerystorage",
            "module.apis.google_project_service.enable_api_cloudresourcemanager",
            "module.apis.google_project_service.enable_api_compute",
            "module.apis.google_project_service.enable_api_datacatalog",
            "module.apis.google_project_service.enable_api_orgpolicy",
            "module.apis.google_project_service.enable_api_servicemanagement",
            "module.apis.google_project_service.enable_project_iam",
            "module.apis.time_sleep.enable_api_bigqueryconnection_time_delay",
            "module.apis.time_sleep.enable_api_bigquerydatatransfer_time_delay",
            "module.apis.time_sleep.enable_api_bigqueryreservations_time_delay",
            "module.apis.time_sleep.enable_api_bigquerystorage_time_delay",
            "module.apis.time_sleep.enable_api_cloudresourcemanager_time_delay",
            "module.apis.time_sleep.enable_api_compute_time_delay",
            "module.apis.time_sleep.enable_api_datacatalog_time_delay",
            "module.apis.time_sleep.enable_api_iam_time_delay",
            "module.apis.time_sleep.enable_api_orgpolicy_time_delay",
            "module.apis.time_sleep.enable_api_servicemanagement_time_delay",
            "module.apis.time_sleep.time_sleep_enable_api",
            "module.org-policies-deprecated.google_project_organization_policy.org_policy_require_os_login",
            "module.org-policies-deprecated.google_project_organization_policy.org_policy_require_shielded_vm",
            "module.org-policies-deprecated.google_project_organization_policy.org_policy_vm_external_ip_access",
            "module.org-policies-deprecated.time_sleep.time_sleep_org_policies",
            "module.org-policies.google_org_policy_policy.org_policy_require_os_login",
            "module.org-policies.google_org_policy_policy.org_policy_require_shielded_vm",
            "module.org-policies.google_org_policy_policy.org_policy_vm_external_ip_access",
            "module.org-policies.time_sleep.time_sleep_org_policies",
            "module.project.google_project.project",
            "module.service-account.google_organization_iam_member.organization",
            "module.service-account.google_project_iam_member.gcp_account_owner",
            "module.service-account.google_project_iam_member.impersonation_account_owner",
            "module.service-account.google_project_iam_member.service_account_owner",
            "module.service-account.google_service_account.service_account",
            "module.service-account.google_service_account_iam_binding.service_account_impersonation",
            "module.service-account.time_sleep.service_account_impersonation_time_delay",
            "module.service-usage.google_project_service.gcp_services_serviceusage",
            "module.service-usage.time_sleep.enable_api_serviceusage_time_delay",
            "random_string.project_random"
          ]
        }
      ]
    },
    {
      "module": "module.resources",
      "mode": "managed",
      "type": "google_service_account",
      "name": "bqpilot_service_account",
      "provider": "provider[\"registry.terraform.io/hashicorp/google-beta\"].service_principal_impersonation",
      "instances": [
        {
          "schema_version": 0,
          "attributes": {
            "account_id": "bqpilot-service-account",
            "description": "",
            "disabled": false,
            "display_name": "Service Account for BQ Environment",
            "email": "bqpilot-service-account@bigquery-pilot-2cx9vrpcnr.iam.gserviceaccount.com",
            "id": "projects/bigquery-pilot-2cx9vrpcnr/serviceAccounts/bqpilot-service-account@bigquery-pilot-2cx9vrpcnr.iam.gserviceaccount.com",
            "name": "projects/bigquery-pilot-2cx9vrpcnr/serviceAccounts/bqpilot-service-account@bigquery-pilot-2cx9vrpcnr.iam.gserviceaccount.com",
            "project": "bigquery-pilot-2cx9vrpcnr",
            "timeouts": null,
            "unique_id": "106102250698939658866"
          },
          "sensitive_attributes": [],
          "private": "eyJlMmJmYjczMC1lY2FhLTExZTYtOGY4OC0zNDM2M2JjN2M0YzAiOnsiY3JlYXRlIjozMDAwMDAwMDAwMDB9fQ==",
          "dependencies": [
            "module.apis.google_project_service.enable_api_bigqueryconnection",
            "module.apis.google_project_service.enable_api_bigquerydatatransfer",
            "module.apis.google_project_service.enable_api_bigqueryreservations",
            "module.apis.google_project_service.enable_api_bigquerystorage",
            "module.apis.google_project_service.enable_api_cloudresourcemanager",
            "module.apis.google_project_service.enable_api_compute",
            "module.apis.google_project_service.enable_api_datacatalog",
            "module.apis.google_project_service.enable_api_orgpolicy",
            "module.apis.google_project_service.enable_api_servicemanagement",
            "module.apis.google_project_service.enable_project_iam",
            "module.apis.time_sleep.enable_api_bigqueryconnection_time_delay",
            "module.apis.time_sleep.enable_api_bigquerydatatransfer_time_delay",
            "module.apis.time_sleep.enable_api_bigqueryreservations_time_delay",
            "module.apis.time_sleep.enable_api_bigquerystorage_time_delay",
            "module.apis.time_sleep.enable_api_cloudresourcemanager_time_delay",
            "module.apis.time_sleep.enable_api_compute_time_delay",
            "module.apis.time_sleep.enable_api_datacatalog_time_delay",
            "module.apis.time_sleep.enable_api_iam_time_delay",
            "module.apis.time_sleep.enable_api_orgpolicy_time_delay",
            "module.apis.time_sleep.enable_api_servicemanagement_time_delay",
            "module.apis.time_sleep.time_sleep_enable_api",
            "module.org-policies-deprecated.google_project_organization_policy.org_policy_require_os_login",
            "module.org-policies-deprecated.google_project_organization_policy.org_policy_require_shielded_vm",
            "module.org-policies-deprecated.google_project_organization_policy.org_policy_vm_external_ip_access",
            "module.org-policies-deprecated.time_sleep.time_sleep_org_policies",
            "module.org-policies.google_org_policy_policy.org_policy_require_os_login",
            "module.org-policies.google_org_policy_policy.org_policy_require_shielded_vm",
            "module.org-policies.google_org_policy_policy.org_policy_vm_external_ip_access",
            "module.org-policies.time_sleep.time_sleep_org_policies",
            "module.project.google_project.project",
            "module.service-account.google_organization_iam_member.organization",
            "module.service-account.google_project_iam_member.gcp_account_owner",
            "module.service-account.google_project_iam_member.impersonation_account_owner",
            "module.service-account.google_project_iam_member.service_account_owner",
            "module.service-account.google_service_account.service_account",
            "module.service-account.google_service_account_iam_binding.service_account_impersonation",
            "module.service-account.time_sleep.service_account_impersonation_time_delay",
            "module.service-usage.google_project_service.gcp_services_serviceusage",
            "module.service-usage.time_sleep.enable_api_serviceusage_time_delay",
            "random_string.project_random"
          ]
        }
      ]
    },
    {
      "module": "module.resources",
      "mode": "managed",
      "type": "google_storage_bucket",
      "name": "datalake_bucket",
      "provider": "provider[\"registry.terraform.io/hashicorp/google-beta\"].service_principal_impersonation",
      "instances": [
        {
          "schema_version": 0,
          "attributes": {
            "cors": [],
            "default_event_based_hold": false,
            "encryption": [],
            "force_destroy": true,
            "id": "datalake-bigquery-pilot-2cx9vrpcnr",
            "labels": null,
            "lifecycle_rule": [],
            "location": "US-WEST2",
            "logging": [],
            "name": "datalake-bigquery-pilot-2cx9vrpcnr",
            "project": "bigquery-pilot-2cx9vrpcnr",
            "public_access_prevention": "inherited",
            "requester_pays": false,
            "retention_policy": [],
            "self_link": "https://www.googleapis.com/storage/v1/b/datalake-bigquery-pilot-2cx9vrpcnr",
            "storage_class": "STANDARD",
            "timeouts": null,
            "uniform_bucket_level_access": true,
            "url": "gs://datalake-bigquery-pilot-2cx9vrpcnr",
            "versioning": [],
            "website": []
          },
          "sensitive_attributes": [],
          "private": "eyJlMmJmYjczMC1lY2FhLTExZTYtOGY4OC0zNDM2M2JjN2M0YzAiOnsiY3JlYXRlIjoyNDAwMDAwMDAwMDAsInJlYWQiOjI0MDAwMDAwMDAwMCwidXBkYXRlIjoyNDAwMDAwMDAwMDB9fQ==",
          "dependencies": [
            "module.apis.google_project_service.enable_api_bigqueryconnection",
            "module.apis.google_project_service.enable_api_bigquerydatatransfer",
            "module.apis.google_project_service.enable_api_bigqueryreservations",
            "module.apis.google_project_service.enable_api_bigquerystorage",
            "module.apis.google_project_service.enable_api_cloudresourcemanager",
            "module.apis.google_project_service.enable_api_compute",
            "module.apis.google_project_service.enable_api_datacatalog",
            "module.apis.google_project_service.enable_api_orgpolicy",
            "module.apis.google_project_service.enable_api_servicemanagement",
            "module.apis.google_project_service.enable_project_iam",
            "module.apis.time_sleep.enable_api_bigqueryconnection_time_delay",
            "module.apis.time_sleep.enable_api_bigquerydatatransfer_time_delay",
            "module.apis.time_sleep.enable_api_bigqueryreservations_time_delay",
            "module.apis.time_sleep.enable_api_bigquerystorage_time_delay",
            "module.apis.time_sleep.enable_api_cloudresourcemanager_time_delay",
            "module.apis.time_sleep.enable_api_compute_time_delay",
            "module.apis.time_sleep.enable_api_datacatalog_time_delay",
            "module.apis.time_sleep.enable_api_iam_time_delay",
            "module.apis.time_sleep.enable_api_orgpolicy_time_delay",
            "module.apis.time_sleep.enable_api_servicemanagement_time_delay",
            "module.apis.time_sleep.time_sleep_enable_api",
            "module.org-policies-deprecated.google_project_organization_policy.org_policy_require_os_login",
            "module.org-policies-deprecated.google_project_organization_policy.org_policy_require_shielded_vm",
            "module.org-policies-deprecated.google_project_organization_policy.org_policy_vm_external_ip_access",
            "module.org-policies-deprecated.time_sleep.time_sleep_org_policies",
            "module.org-policies.google_org_policy_policy.org_policy_require_os_login",
            "module.org-policies.google_org_policy_policy.org_policy_require_shielded_vm",
            "module.org-policies.google_org_policy_policy.org_policy_vm_external_ip_access",
            "module.org-policies.time_sleep.time_sleep_org_policies",
            "module.project.google_project.project",
            "module.service-account.google_organization_iam_member.organization",
            "module.service-account.google_project_iam_member.gcp_account_owner",
            "module.service-account.google_project_iam_member.impersonation_account_owner",
            "module.service-account.google_project_iam_member.service_account_owner",
            "module.service-account.google_service_account.service_account",
            "module.service-account.google_service_account_iam_binding.service_account_impersonation",
            "module.service-account.time_sleep.service_account_impersonation_time_delay",
            "module.service-usage.google_project_service.gcp_services_serviceusage",
            "module.service-usage.time_sleep.enable_api_serviceusage_time_delay",
            "random_string.project_random"
          ]
        }
      ]
    },
    {
      "module": "module.resources",
      "mode": "managed",
      "type": "google_storage_bucket",
      "name": "main_bucket",
      "provider": "provider[\"registry.terraform.io/hashicorp/google-beta\"].service_principal_impersonation",
      "instances": [
        {
          "schema_version": 0,
          "attributes": {
            "cors": [],
            "default_event_based_hold": false,
            "encryption": [],
            "force_destroy": true,
            "id": "bigquery-pilot-2cx9vrpcnr",
            "labels": null,
            "lifecycle_rule": [],
            "location": "US-WEST2",
            "logging": [],
            "name": "bigquery-pilot-2cx9vrpcnr",
            "project": "bigquery-pilot-2cx9vrpcnr",
            "public_access_prevention": "inherited",
            "requester_pays": false,
            "retention_policy": [],
            "self_link": "https://www.googleapis.com/storage/v1/b/bigquery-pilot-2cx9vrpcnr",
            "storage_class": "STANDARD",
            "timeouts": null,
            "uniform_bucket_level_access": true,
            "url": "gs://bigquery-pilot-2cx9vrpcnr",
            "versioning": [],
            "website": []
          },
          "sensitive_attributes": [],
          "private": "eyJlMmJmYjczMC1lY2FhLTExZTYtOGY4OC0zNDM2M2JjN2M0YzAiOnsiY3JlYXRlIjoyNDAwMDAwMDAwMDAsInJlYWQiOjI0MDAwMDAwMDAwMCwidXBkYXRlIjoyNDAwMDAwMDAwMDB9fQ==",
          "dependencies": [
            "module.apis.google_project_service.enable_api_bigqueryconnection",
            "module.apis.google_project_service.enable_api_bigquerydatatransfer",
            "module.apis.google_project_service.enable_api_bigqueryreservations",
            "module.apis.google_project_service.enable_api_bigquerystorage",
            "module.apis.google_project_service.enable_api_cloudresourcemanager",
            "module.apis.google_project_service.enable_api_compute",
            "module.apis.google_project_service.enable_api_datacatalog",
            "module.apis.google_project_service.enable_api_orgpolicy",
            "module.apis.google_project_service.enable_api_servicemanagement",
            "module.apis.google_project_service.enable_project_iam",
            "module.apis.time_sleep.enable_api_bigqueryconnection_time_delay",
            "module.apis.time_sleep.enable_api_bigquerydatatransfer_time_delay",
            "module.apis.time_sleep.enable_api_bigqueryreservations_time_delay",
            "module.apis.time_sleep.enable_api_bigquerystorage_time_delay",
            "module.apis.time_sleep.enable_api_cloudresourcemanager_time_delay",
            "module.apis.time_sleep.enable_api_compute_time_delay",
            "module.apis.time_sleep.enable_api_datacatalog_time_delay",
            "module.apis.time_sleep.enable_api_iam_time_delay",
            "module.apis.time_sleep.enable_api_orgpolicy_time_delay",
            "module.apis.time_sleep.enable_api_servicemanagement_time_delay",
            "module.apis.time_sleep.time_sleep_enable_api",
            "module.org-policies-deprecated.google_project_organization_policy.org_policy_require_os_login",
            "module.org-policies-deprecated.google_project_organization_policy.org_policy_require_shielded_vm",
            "module.org-policies-deprecated.google_project_organization_policy.org_policy_vm_external_ip_access",
            "module.org-policies-deprecated.time_sleep.time_sleep_org_policies",
            "module.org-policies.google_org_policy_policy.org_policy_require_os_login",
            "module.org-policies.google_org_policy_policy.org_policy_require_shielded_vm",
            "module.org-policies.google_org_policy_policy.org_policy_vm_external_ip_access",
            "module.org-policies.time_sleep.time_sleep_org_policies",
            "module.project.google_project.project",
            "module.service-account.google_organization_iam_member.organization",
            "module.service-account.google_project_iam_member.gcp_account_owner",
            "module.service-account.google_project_iam_member.impersonation_account_owner",
            "module.service-account.google_project_iam_member.service_account_owner",
            "module.service-account.google_service_account.service_account",
            "module.service-account.google_service_account_iam_binding.service_account_impersonation",
            "module.service-account.time_sleep.service_account_impersonation_time_delay",
            "module.service-usage.google_project_service.gcp_services_serviceusage",
            "module.service-usage.time_sleep.enable_api_serviceusage_time_delay",
            "random_string.project_random"
          ]
        }
      ]
    },
    {
      "module": "module.service-account[0]",
      "mode": "managed",
      "type": "google_organization_iam_member",
      "name": "organization",
      "provider": "provider[\"registry.terraform.io/hashicorp/google-beta\"]",
      "instances": [
        {
          "schema_version": 0,
          "attributes": {
            "condition": [],
            "etag": "BwXiMRb+h6Y=",
            "id": "1055931740215/roles/orgpolicy.policyAdmin/serviceAccount:bigquery-pilot-2cx9vrpcnr@bigquery-pilot-2cx9vrpcnr.iam.gserviceaccount.com",
            "member": "serviceAccount:bigquery-pilot-2cx9vrpcnr@bigquery-pilot-2cx9vrpcnr.iam.gserviceaccount.com",
            "org_id": "1055931740215",
            "role": "roles/orgpolicy.policyAdmin"
          },
          "sensitive_attributes": [],
          "private": "bnVsbA==",
          "dependencies": [
            "module.project.google_project.project",
            "module.service-account.google_service_account.service_account",
            "random_string.project_random"
          ]
        }
      ]
    },
    {
      "module": "module.service-account[0]",
      "mode": "managed",
      "type": "google_project_iam_member",
      "name": "gcp_account_owner",
      "provider": "provider[\"registry.terraform.io/hashicorp/google-beta\"]",
      "instances": [
        {
          "schema_version": 0,
          "attributes": {
            "condition": [],
            "etag": "BwXiMRejlFQ=",
            "id": "bigquery-pilot-2cx9vrpcnr/roles/owner/user:admin@jitendrayadav.altostrat.com",
            "member": "user:admin@jitendrayadav.altostrat.com",
            "project": "bigquery-pilot-2cx9vrpcnr",
            "role": "roles/owner"
          },
          "sensitive_attributes": [],
          "private": "bnVsbA==",
          "dependencies": [
            "module.project.google_project.project",
            "random_string.project_random"
          ]
        }
      ]
    },
    {
      "module": "module.service-account[0]",
      "mode": "managed",
      "type": "google_project_iam_member",
      "name": "impersonation_account_owner",
      "provider": "provider[\"registry.terraform.io/hashicorp/google-beta\"]",
      "instances": [
        {
          "schema_version": 0,
          "attributes": {
            "condition": [],
            "etag": "BwXiMRejlFQ=",
            "id": "bigquery-pilot-2cx9vrpcnr/roles/owner/user:admin@jitendrayadav.altostrat.com",
            "member": "user:admin@jitendrayadav.altostrat.com",
            "project": "bigquery-pilot-2cx9vrpcnr",
            "role": "roles/owner"
          },
          "sensitive_attributes": [],
          "private": "bnVsbA==",
          "dependencies": [
            "module.project.google_project.project",
            "module.service-account.google_project_iam_member.gcp_account_owner",
            "random_string.project_random"
          ]
        }
      ]
    },
    {
      "module": "module.service-account[0]",
      "mode": "managed",
      "type": "google_project_iam_member",
      "name": "service_account_owner",
      "provider": "provider[\"registry.terraform.io/hashicorp/google-beta\"]",
      "instances": [
        {
          "schema_version": 0,
          "attributes": {
            "condition": [],
            "etag": "BwXiMRejlFQ=",
            "id": "bigquery-pilot-2cx9vrpcnr/roles/owner/serviceAccount:bigquery-pilot-2cx9vrpcnr@bigquery-pilot-2cx9vrpcnr.iam.gserviceaccount.com",
            "member": "serviceAccount:bigquery-pilot-2cx9vrpcnr@bigquery-pilot-2cx9vrpcnr.iam.gserviceaccount.com",
            "project": "bigquery-pilot-2cx9vrpcnr",
            "role": "roles/owner"
          },
          "sensitive_attributes": [],
          "private": "bnVsbA==",
          "dependencies": [
            "module.project.google_project.project",
            "module.service-account.google_service_account.service_account",
            "random_string.project_random"
          ]
        }
      ]
    },
    {
      "module": "module.service-account[0]",
      "mode": "managed",
      "type": "google_service_account",
      "name": "service_account",
      "provider": "provider[\"registry.terraform.io/hashicorp/google-beta\"]",
      "instances": [
        {
          "schema_version": 0,
          "attributes": {
            "account_id": "bigquery-pilot-2cx9vrpcnr",
            "description": "",
            "disabled": false,
            "display_name": "Terraform Service Account",
            "email": "bigquery-pilot-2cx9vrpcnr@bigquery-pilot-2cx9vrpcnr.iam.gserviceaccount.com",
            "id": "projects/bigquery-pilot-2cx9vrpcnr/serviceAccounts/bigquery-pilot-2cx9vrpcnr@bigquery-pilot-2cx9vrpcnr.iam.gserviceaccount.com",
            "name": "projects/bigquery-pilot-2cx9vrpcnr/serviceAccounts/bigquery-pilot-2cx9vrpcnr@bigquery-pilot-2cx9vrpcnr.iam.gserviceaccount.com",
            "project": "bigquery-pilot-2cx9vrpcnr",
            "timeouts": null,
            "unique_id": "113228292024255290182"
          },
          "sensitive_attributes": [],
          "private": "eyJlMmJmYjczMC1lY2FhLTExZTYtOGY4OC0zNDM2M2JjN2M0YzAiOnsiY3JlYXRlIjozMDAwMDAwMDAwMDB9fQ==",
          "dependencies": [
            "module.project.google_project.project",
            "random_string.project_random"
          ]
        }
      ]
    },
    {
      "module": "module.service-account[0]",
      "mode": "managed",
      "type": "google_service_account_iam_binding",
      "name": "service_account_impersonation",
      "provider": "provider[\"registry.terraform.io/hashicorp/google-beta\"]",
      "instances": [
        {
          "schema_version": 0,
          "attributes": {
            "condition": [],
            "etag": "BwXiMRb//ug=",
            "id": "projects/bigquery-pilot-2cx9vrpcnr/serviceAccounts/bigquery-pilot-2cx9vrpcnr@bigquery-pilot-2cx9vrpcnr.iam.gserviceaccount.com/roles/iam.serviceAccountTokenCreator",
            "members": [
              "user:admin@jitendrayadav.altostrat.com"
            ],
            "role": "roles/iam.serviceAccountTokenCreator",
            "service_account_id": "projects/bigquery-pilot-2cx9vrpcnr/serviceAccounts/bigquery-pilot-2cx9vrpcnr@bigquery-pilot-2cx9vrpcnr.iam.gserviceaccount.com"
          },
          "sensitive_attributes": [],
          "private": "bnVsbA==",
          "dependencies": [
            "module.project.google_project.project",
            "module.service-account.google_service_account.service_account",
            "random_string.project_random"
          ]
        }
      ]
    },
    {
      "module": "module.service-account[0]",
      "mode": "managed",
      "type": "time_sleep",
      "name": "service_account_impersonation_time_delay",
      "provider": "provider[\"registry.terraform.io/hashicorp/time\"]",
      "instances": [
        {
          "schema_version": 0,
          "attributes": {
            "create_duration": "90s",
            "destroy_duration": null,
            "id": "2022-06-24T12:57:25Z",
            "triggers": null
          },
          "sensitive_attributes": [],
          "private": "bnVsbA==",
          "dependencies": [
            "module.project.google_project.project",
            "module.service-account.google_service_account.service_account",
            "module.service-account.google_service_account_iam_binding.service_account_impersonation",
            "random_string.project_random"
          ]
        }
      ]
    },
    {
      "module": "module.service-usage",
      "mode": "managed",
      "type": "google_project_service",
      "name": "gcp_services_serviceusage",
      "provider": "provider[\"registry.terraform.io/hashicorp/google-beta\"]",
      "instances": [
        {
          "schema_version": 0,
          "attributes": {
            "disable_dependent_services": true,
            "disable_on_destroy": true,
            "id": "bigquery-pilot-2cx9vrpcnr/serviceusage.googleapis.com",
            "project": "bigquery-pilot-2cx9vrpcnr",
            "service": "serviceusage.googleapis.com",
            "timeouts": {
              "create": "15m",
              "delete": null,
              "read": null,
              "update": null
            }
          },
          "sensitive_attributes": [],
          "private": "eyJlMmJmYjczMC1lY2FhLTExZTYtOGY4OC0zNDM2M2JjN2M0YzAiOnsiY3JlYXRlIjo5MDAwMDAwMDAwMDAsImRlbGV0ZSI6MTIwMDAwMDAwMDAwMCwicmVhZCI6NjAwMDAwMDAwMDAwLCJ1cGRhdGUiOjEyMDAwMDAwMDAwMDB9fQ==",
          "dependencies": [
            "module.project.google_project.project",
            "module.service-account.google_organization_iam_member.organization",
            "module.service-account.google_project_iam_member.gcp_account_owner",
            "module.service-account.google_project_iam_member.impersonation_account_owner",
            "module.service-account.google_project_iam_member.service_account_owner",
            "module.service-account.google_service_account.service_account",
            "module.service-account.google_service_account_iam_binding.service_account_impersonation",
            "module.service-account.time_sleep.service_account_impersonation_time_delay",
            "random_string.project_random"
          ]
        }
      ]
    },
    {
      "module": "module.service-usage",
      "mode": "managed",
      "type": "time_sleep",
      "name": "enable_api_serviceusage_time_delay",
      "provider": "provider[\"registry.terraform.io/hashicorp/time\"]",
      "instances": [
        {
          "schema_version": 0,
          "attributes": {
            "create_duration": "240s",
            "destroy_duration": null,
            "id": "2022-06-24T13:01:47Z",
            "triggers": null
          },
          "sensitive_attributes": [],
          "private": "bnVsbA==",
          "dependencies": [
            "module.project.google_project.project",
            "module.service-account.google_organization_iam_member.organization",
            "module.service-account.google_project_iam_member.gcp_account_owner",
            "module.service-account.google_project_iam_member.impersonation_account_owner",
            "module.service-account.google_project_iam_member.service_account_owner",
            "module.service-account.google_service_account.service_account",
            "module.service-account.google_service_account_iam_binding.service_account_impersonation",
            "module.service-account.time_sleep.service_account_impersonation_time_delay",
            "module.service-usage.google_project_service.gcp_services_serviceusage",
            "random_string.project_random"
          ]
        }
      ]
    }
  ]
}
