{
  "version": 4,
  "terraform_version": "1.2.2",
  "serial": 15,
  "lineage": "53c57118-3346-d61f-97db-7d2b5b0f2621",
  "outputs": {
    "output-bucket-name": {
      "value": "bigquery-pilot-2cx9vrpcnr",
      "type": "string"
    },
    "output-project-id": {
      "value": "bigquery-pilot-2cx9vrpcnr",
      "type": "string"
    },
    "output-project-number": {
      "value": "692802534222",
      "type": "string"
    },
    "output-region": {
      "value": "us-west2",
      "type": "string"
    }
  },
  "resources": [
    {
      "mode": "managed",
      "type": "random_string",
      "name": "project_random",
      "provider": "provider[\"registry.terraform.io/hashicorp/random\"]",
      "instances": [
        {
          "schema_version": 2,
          "attributes": {
            "id": "2cx9vrpcnr",
            "keepers": null,
            "length": 10,
            "lower": true,
            "min_lower": 0,
            "min_numeric": 0,
            "min_special": 0,
            "min_upper": 0,
            "number": true,
            "numeric": true,
            "override_special": null,
            "result": "2cx9vrpcnr",
            "special": false,
            "upper": false
          },
          "sensitive_attributes": [],
          "private": "eyJzY2hlbWFfdmVyc2lvbiI6IjIifQ=="
        }
      ]
    },
    {
      "module": "module.apis",
      "mode": "managed",
      "type": "google_project_service",
      "name": "enable_api_bigqueryconnection",
      "provider": "provider[\"registry.terraform.io/hashicorp/google-beta\"].service_principal_impersonation",
      "instances": []
    },
    {
      "module": "module.apis",
      "mode": "managed",
      "type": "google_project_service",
      "name": "enable_api_bigquerydatatransfer",
      "provider": "provider[\"registry.terraform.io/hashicorp/google-beta\"].service_principal_impersonation",
      "instances": []
    },
    {
      "module": "module.apis",
      "mode": "managed",
      "type": "google_project_service",
      "name": "enable_api_bigqueryreservations",
      "provider": "provider[\"registry.terraform.io/hashicorp/google-beta\"].service_principal_impersonation",
      "instances": []
    },
    {
      "module": "module.apis",
      "mode": "managed",
      "type": "google_project_service",
      "name": "enable_api_bigquerystorage",
      "provider": "provider[\"registry.terraform.io/hashicorp/google-beta\"].service_principal_impersonation",
      "instances": []
    },
    {
      "module": "module.apis",
      "mode": "managed",
      "type": "google_project_service",
      "name": "enable_api_compute",
      "provider": "provider[\"registry.terraform.io/hashicorp/google-beta\"].service_principal_impersonation",
      "instances": []
    },
    {
      "module": "module.apis",
      "mode": "managed",
      "type": "google_project_service",
      "name": "enable_api_datacatalog",
      "provider": "provider[\"registry.terraform.io/hashicorp/google-beta\"].service_principal_impersonation",
      "instances": []
    },
    {
      "module": "module.apis",
      "mode": "managed",
      "type": "google_project_service",
      "name": "enable_api_orgpolicy",
      "provider": "provider[\"registry.terraform.io/hashicorp/google-beta\"].service_principal_impersonation",
      "instances": []
    },
    {
      "module": "module.apis",
      "mode": "managed",
      "type": "google_project_service",
      "name": "enable_api_servicemanagement",
      "provider": "provider[\"registry.terraform.io/hashicorp/google-beta\"].service_principal_impersonation",
      "instances": []
    },
    {
      "module": "module.apis",
      "mode": "managed",
      "type": "google_project_service",
      "name": "enable_project_iam",
      "provider": "provider[\"registry.terraform.io/hashicorp/google-beta\"].service_principal_impersonation",
      "instances": [
        {
          "schema_version": 0,
          "attributes": {
            "disable_dependent_services": true,
            "disable_on_destroy": true,
            "id": "bigquery-pilot-2cx9vrpcnr/iam.googleapis.com",
            "project": "bigquery-pilot-2cx9vrpcnr",
            "service": "iam.googleapis.com",
            "timeouts": {
              "create": "30m",
              "delete": null,
              "read": null,
              "update": "40m"
            }
          },
          "sensitive_attributes": [],
          "private": "eyJlMmJmYjczMC1lY2FhLTExZTYtOGY4OC0zNDM2M2JjN2M0YzAiOnsiY3JlYXRlIjoxODAwMDAwMDAwMDAwLCJkZWxldGUiOjEyMDAwMDAwMDAwMDAsInJlYWQiOjYwMDAwMDAwMDAwMCwidXBkYXRlIjoyNDAwMDAwMDAwMDAwfX0=",
          "dependencies": [
            "module.project.google_project.project",
            "module.service-account.google_organization_iam_member.organization",
            "module.service-account.google_project_iam_member.gcp_account_owner",
            "module.service-account.google_project_iam_member.impersonation_account_owner",
            "module.service-account.google_project_iam_member.service_account_owner",
            "module.service-account.google_service_account.service_account",
            "module.service-account.google_service_account_iam_binding.service_account_impersonation",
            "module.service-account.time_sleep.service_account_impersonation_time_delay",
            "module.service-usage.google_project_service.gcp_services_serviceusage",
            "module.service-usage.time_sleep.enable_api_serviceusage_time_delay",
            "random_string.project_random"
          ]
        }
      ]
    },
    {
      "module": "module.apis",
      "mode": "managed",
      "type": "time_sleep",
      "name": "enable_api_bigqueryconnection_time_delay",
      "provider": "provider[\"registry.terraform.io/hashicorp/time\"]",
      "instances": []
    },
    {
      "module": "module.apis",
      "mode": "managed",
      "type": "time_sleep",
      "name": "enable_api_bigquerydatatransfer_time_delay",
      "provider": "provider[\"registry.terraform.io/hashicorp/time\"]",
      "instances": []
    },
    {
      "module": "module.apis",
      "mode": "managed",
      "type": "time_sleep",
      "name": "enable_api_bigqueryreservations_time_delay",
      "provider": "provider[\"registry.terraform.io/hashicorp/time\"]",
      "instances": []
    },
    {
      "module": "module.apis",
      "mode": "managed",
      "type": "time_sleep",
      "name": "enable_api_bigquerystorage_time_delay",
      "provider": "provider[\"registry.terraform.io/hashicorp/time\"]",
      "instances": []
    },
    {
      "module": "module.apis",
      "mode": "managed",
      "type": "time_sleep",
      "name": "enable_api_cloudresourcemanager_time_delay",
      "provider": "provider[\"registry.terraform.io/hashicorp/time\"]",
      "instances": []
    },
    {
      "module": "module.apis",
      "mode": "managed",
      "type": "time_sleep",
      "name": "enable_api_compute_time_delay",
      "provider": "provider[\"registry.terraform.io/hashicorp/time\"]",
      "instances": []
    },
    {
      "module": "module.apis",
      "mode": "managed",
      "type": "time_sleep",
      "name": "enable_api_datacatalog_time_delay",
      "provider": "provider[\"registry.terraform.io/hashicorp/time\"]",
      "instances": []
    },
    {
      "module": "module.apis",
      "mode": "managed",
      "type": "time_sleep",
      "name": "enable_api_iam_time_delay",
      "provider": "provider[\"registry.terraform.io/hashicorp/time\"]",
      "instances": [
        {
          "schema_version": 0,
          "attributes": {
            "create_duration": "60s",
            "destroy_duration": null,
            "id": "2022-06-24T13:03:11Z",
            "triggers": null
          },
          "sensitive_attributes": [],
          "private": "bnVsbA==",
          "dependencies": [
            "module.apis.google_project_service.enable_project_iam",
            "module.project.google_project.project",
            "module.service-account.google_organization_iam_member.organization",
            "module.service-account.google_project_iam_member.gcp_account_owner",
            "module.service-account.google_project_iam_member.impersonation_account_owner",
            "module.service-account.google_project_iam_member.service_account_owner",
            "module.service-account.google_service_account.service_account",
            "module.service-account.google_service_account_iam_binding.service_account_impersonation",
            "module.service-account.time_sleep.service_account_impersonation_time_delay",
            "module.service-usage.google_project_service.gcp_services_serviceusage",
            "module.service-usage.time_sleep.enable_api_serviceusage_time_delay",
            "random_string.project_random"
          ]
        }
      ]
    },
    {
      "module": "module.apis",
      "mode": "managed",
      "type": "time_sleep",
      "name": "enable_api_orgpolicy_time_delay",
      "provider": "provider[\"registry.terraform.io/hashicorp/time\"]",
      "instances": []
    },
    {
      "module": "module.apis",
      "mode": "managed",
      "type": "time_sleep",
      "name": "enable_api_servicemanagement_time_delay",
      "provider": "provider[\"registry.terraform.io/hashicorp/time\"]",
      "instances": []
    },
    {
      "module": "module.apis",
      "mode": "managed",
      "type": "time_sleep",
      "name": "time_sleep_enable_api",
      "provider": "provider[\"registry.terraform.io/hashicorp/time\"]",
      "instances": []
    },
    {
      "module": "module.project[0]",
      "mode": "managed",
      "type": "google_project",
      "name": "project",
      "provider": "provider[\"registry.terraform.io/hashicorp/google-beta\"]",
      "instances": [
        {
          "schema_version": 1,
          "attributes": {
            "auto_create_network": true,
            "billing_account": "01E74D-73DE79-03AFD5",
            "folder_id": "",
            "id": "projects/bigquery-pilot-2cx9vrpcnr",
            "labels": null,
            "name": "bigquery-pilot-2cx9vrpcnr",
            "number": "692802534222",
            "org_id": "1055931740215",
            "project_id": "bigquery-pilot-2cx9vrpcnr",
            "skip_delete": null,
            "timeouts": {
              "create": "15m",
              "delete": null,
              "read": null,
              "update": null
            }
          },
          "sensitive_attributes": [],
          "private": "eyJlMmJmYjczMC1lY2FhLTExZTYtOGY4OC0zNDM2M2JjN2M0YzAiOnsiY3JlYXRlIjo5MDAwMDAwMDAwMDAsImRlbGV0ZSI6NjAwMDAwMDAwMDAwLCJyZWFkIjo2MDAwMDAwMDAwMDAsInVwZGF0ZSI6NjAwMDAwMDAwMDAwfSwic2NoZW1hX3ZlcnNpb24iOiIxIn0=",
          "dependencies": [
            "random_string.project_random"
          ]
        }
      ]
    },
    {
      "module": "module.service-account[0]",
      "mode": "managed",
      "type": "google_organization_iam_member",
      "name": "organization",
      "provider": "provider[\"registry.terraform.io/hashicorp/google-beta\"]",
      "instances": [
        {
          "schema_version": 0,
          "attributes": {
            "condition": [],
            "etag": "BwXiMRb+h6Y=",
            "id": "1055931740215/roles/orgpolicy.policyAdmin/serviceAccount:bigquery-pilot-2cx9vrpcnr@bigquery-pilot-2cx9vrpcnr.iam.gserviceaccount.com",
            "member": "serviceAccount:bigquery-pilot-2cx9vrpcnr@bigquery-pilot-2cx9vrpcnr.iam.gserviceaccount.com",
            "org_id": "1055931740215",
            "role": "roles/orgpolicy.policyAdmin"
          },
          "sensitive_attributes": [],
          "private": "bnVsbA==",
          "dependencies": [
            "module.project.google_project.project",
            "module.service-account.google_service_account.service_account",
            "random_string.project_random"
          ]
        }
      ]
    },
    {
      "module": "module.service-account[0]",
      "mode": "managed",
      "type": "google_project_iam_member",
      "name": "gcp_account_owner",
      "provider": "provider[\"registry.terraform.io/hashicorp/google-beta\"]",
      "instances": [
        {
          "schema_version": 0,
          "attributes": {
            "condition": [],
            "etag": "BwXiMRcRPtQ=",
            "id": "bigquery-pilot-2cx9vrpcnr/roles/owner/user:admin@jitendrayadav.altostrat.com",
            "member": "user:admin@jitendrayadav.altostrat.com",
            "project": "bigquery-pilot-2cx9vrpcnr",
            "role": "roles/owner"
          },
          "sensitive_attributes": [],
          "private": "bnVsbA==",
          "dependencies": [
            "module.project.google_project.project",
            "random_string.project_random"
          ]
        }
      ]
    },
    {
      "module": "module.service-account[0]",
      "mode": "managed",
      "type": "google_project_iam_member",
      "name": "impersonation_account_owner",
      "provider": "provider[\"registry.terraform.io/hashicorp/google-beta\"]",
      "instances": [
        {
          "schema_version": 0,
          "attributes": {
            "condition": [],
            "etag": "BwXiMRejlFQ=",
            "id": "bigquery-pilot-2cx9vrpcnr/roles/owner/user:admin@jitendrayadav.altostrat.com",
            "member": "user:admin@jitendrayadav.altostrat.com",
            "project": "bigquery-pilot-2cx9vrpcnr",
            "role": "roles/owner"
          },
          "sensitive_attributes": [],
          "private": "bnVsbA==",
          "dependencies": [
            "module.project.google_project.project",
            "module.service-account.google_project_iam_member.gcp_account_owner",
            "random_string.project_random"
          ]
        }
      ]
    },
    {
      "module": "module.service-account[0]",
      "mode": "managed",
      "type": "google_project_iam_member",
      "name": "service_account_owner",
      "provider": "provider[\"registry.terraform.io/hashicorp/google-beta\"]",
      "instances": [
        {
          "schema_version": 0,
          "attributes": {
            "condition": [],
            "etag": "BwXiMRcRPtQ=",
            "id": "bigquery-pilot-2cx9vrpcnr/roles/owner/serviceAccount:bigquery-pilot-2cx9vrpcnr@bigquery-pilot-2cx9vrpcnr.iam.gserviceaccount.com",
            "member": "serviceAccount:bigquery-pilot-2cx9vrpcnr@bigquery-pilot-2cx9vrpcnr.iam.gserviceaccount.com",
            "project": "bigquery-pilot-2cx9vrpcnr",
            "role": "roles/owner"
          },
          "sensitive_attributes": [],
          "private": "bnVsbA==",
          "dependencies": [
            "module.project.google_project.project",
            "module.service-account.google_service_account.service_account",
            "random_string.project_random"
          ]
        }
      ]
    },
    {
      "module": "module.service-account[0]",
      "mode": "managed",
      "type": "google_service_account",
      "name": "service_account",
      "provider": "provider[\"registry.terraform.io/hashicorp/google-beta\"]",
      "instances": [
        {
          "schema_version": 0,
          "attributes": {
            "account_id": "bigquery-pilot-2cx9vrpcnr",
            "description": "",
            "disabled": false,
            "display_name": "Terraform Service Account",
            "email": "bigquery-pilot-2cx9vrpcnr@bigquery-pilot-2cx9vrpcnr.iam.gserviceaccount.com",
            "id": "projects/bigquery-pilot-2cx9vrpcnr/serviceAccounts/bigquery-pilot-2cx9vrpcnr@bigquery-pilot-2cx9vrpcnr.iam.gserviceaccount.com",
            "name": "projects/bigquery-pilot-2cx9vrpcnr/serviceAccounts/bigquery-pilot-2cx9vrpcnr@bigquery-pilot-2cx9vrpcnr.iam.gserviceaccount.com",
            "project": "bigquery-pilot-2cx9vrpcnr",
            "timeouts": null,
            "unique_id": "113228292024255290182"
          },
          "sensitive_attributes": [],
          "private": "eyJlMmJmYjczMC1lY2FhLTExZTYtOGY4OC0zNDM2M2JjN2M0YzAiOnsiY3JlYXRlIjozMDAwMDAwMDAwMDB9fQ==",
          "dependencies": [
            "module.project.google_project.project",
            "random_string.project_random"
          ]
        }
      ]
    },
    {
      "module": "module.service-account[0]",
      "mode": "managed",
      "type": "google_service_account_iam_binding",
      "name": "service_account_impersonation",
      "provider": "provider[\"registry.terraform.io/hashicorp/google-beta\"]",
      "instances": [
        {
          "schema_version": 0,
          "attributes": {
            "condition": [],
            "etag": "BwXiMRb//ug=",
            "id": "projects/bigquery-pilot-2cx9vrpcnr/serviceAccounts/bigquery-pilot-2cx9vrpcnr@bigquery-pilot-2cx9vrpcnr.iam.gserviceaccount.com/roles/iam.serviceAccountTokenCreator",
            "members": [
              "user:admin@jitendrayadav.altostrat.com"
            ],
            "role": "roles/iam.serviceAccountTokenCreator",
            "service_account_id": "projects/bigquery-pilot-2cx9vrpcnr/serviceAccounts/bigquery-pilot-2cx9vrpcnr@bigquery-pilot-2cx9vrpcnr.iam.gserviceaccount.com"
          },
          "sensitive_attributes": [],
          "private": "bnVsbA==",
          "dependencies": [
            "module.project.google_project.project",
            "module.service-account.google_service_account.service_account",
            "random_string.project_random"
          ]
        }
      ]
    },
    {
      "module": "module.service-account[0]",
      "mode": "managed",
      "type": "time_sleep",
      "name": "service_account_impersonation_time_delay",
      "provider": "provider[\"registry.terraform.io/hashicorp/time\"]",
      "instances": [
        {
          "schema_version": 0,
          "attributes": {
            "create_duration": "90s",
            "destroy_duration": null,
            "id": "2022-06-24T12:57:25Z",
            "triggers": null
          },
          "sensitive_attributes": [],
          "private": "bnVsbA==",
          "dependencies": [
            "module.project.google_project.project",
            "module.service-account.google_service_account.service_account",
            "module.service-account.google_service_account_iam_binding.service_account_impersonation",
            "random_string.project_random"
          ]
        }
      ]
    },
    {
      "module": "module.service-usage",
      "mode": "managed",
      "type": "google_project_service",
      "name": "gcp_services_serviceusage",
      "provider": "provider[\"registry.terraform.io/hashicorp/google-beta\"]",
      "instances": [
        {
          "schema_version": 0,
          "attributes": {
            "disable_dependent_services": true,
            "disable_on_destroy": true,
            "id": "bigquery-pilot-2cx9vrpcnr/serviceusage.googleapis.com",
            "project": "bigquery-pilot-2cx9vrpcnr",
            "service": "serviceusage.googleapis.com",
            "timeouts": {
              "create": "15m",
              "delete": null,
              "read": null,
              "update": null
            }
          },
          "sensitive_attributes": [],
          "private": "eyJlMmJmYjczMC1lY2FhLTExZTYtOGY4OC0zNDM2M2JjN2M0YzAiOnsiY3JlYXRlIjo5MDAwMDAwMDAwMDAsImRlbGV0ZSI6MTIwMDAwMDAwMDAwMCwicmVhZCI6NjAwMDAwMDAwMDAwLCJ1cGRhdGUiOjEyMDAwMDAwMDAwMDB9fQ==",
          "dependencies": [
            "module.project.google_project.project",
            "module.service-account.google_organization_iam_member.organization",
            "module.service-account.google_project_iam_member.gcp_account_owner",
            "module.service-account.google_project_iam_member.impersonation_account_owner",
            "module.service-account.google_project_iam_member.service_account_owner",
            "module.service-account.google_service_account.service_account",
            "module.service-account.google_service_account_iam_binding.service_account_impersonation",
            "module.service-account.time_sleep.service_account_impersonation_time_delay",
            "random_string.project_random"
          ]
        }
      ]
    },
    {
      "module": "module.service-usage",
      "mode": "managed",
      "type": "time_sleep",
      "name": "enable_api_serviceusage_time_delay",
      "provider": "provider[\"registry.terraform.io/hashicorp/time\"]",
      "instances": [
        {
          "schema_version": 0,
          "attributes": {
            "create_duration": "240s",
            "destroy_duration": null,
            "id": "2022-06-24T13:01:47Z",
            "triggers": null
          },
          "sensitive_attributes": [],
          "private": "bnVsbA==",
          "dependencies": [
            "module.project.google_project.project",
            "module.service-account.google_organization_iam_member.organization",
            "module.service-account.google_project_iam_member.gcp_account_owner",
            "module.service-account.google_project_iam_member.impersonation_account_owner",
            "module.service-account.google_project_iam_member.service_account_owner",
            "module.service-account.google_service_account.service_account",
            "module.service-account.google_service_account_iam_binding.service_account_impersonation",
            "module.service-account.time_sleep.service_account_impersonation_time_delay",
            "module.service-usage.google_project_service.gcp_services_serviceusage",
            "random_string.project_random"
          ]
        }
      ]
    }
  ]
}
